
Microsoft Visual Studio Solution File, Format Version 12.00
# Visual Studio 15
VisualStudioVersion = 15.0.26228.4
MinimumVisualStudioVersion = 10.0.40219.1
Project("{2150E333-8FDC-42A3-9474-1A3956D46DE8}") = "src", "src", "{58F62039-8645-499C-B264-66048F4F0F75}"
EndProject
Project("{2150E333-8FDC-42A3-9474-1A3956D46DE8}") = "misc", "misc", "{EF395E12-0C90-4CE1-921A-A276AF0DC28A}"
	ProjectSection(SolutionItems) = preProject
		Catel.FxCop = Catel.FxCop
		Catel.snk = Catel.snk
		Catel.vsmdi = Catel.vsmdi
		CustomDictionary.xml = CustomDictionary.xml
		nuget.config = nuget.config
		Settings.StyleCop = Settings.StyleCop
		SolutionAssemblyInfo.cs = SolutionAssemblyInfo.cs
	EndProjectSection
EndProject
Project("{2150E333-8FDC-42A3-9474-1A3956D46DE8}") = "Catel.Core", "Catel.Core", "{3F661942-9946-4292-9FE7-6B576782D5F9}"
EndProject
Project("{2150E333-8FDC-42A3-9474-1A3956D46DE8}") = "Catel.MVVM", "Catel.MVVM", "{162DE45B-B7A2-4D4A-B90D-F1762133C31C}"
EndProject
Project("{2150E333-8FDC-42A3-9474-1A3956D46DE8}") = "Tests", "Tests", "{8C3710FE-B6C7-4261-81B6-897F4B286B2B}"
EndProject
Project("{FAE04EC0-301F-11D3-BF4B-00C04F79EFBC}") = "Catel.Core.NET45", "Catel.Core\Catel.Core.NET45\Catel.Core.NET45.csproj", "{D748BE60-BAD6-4D1B-BE5A-C24943A56594}"
EndProject
Project("{FAE04EC0-301F-11D3-BF4B-00C04F79EFBC}") = "Catel.Test.NET45", "Catel.Test\Catel.Test.NET45\Catel.Test.NET45.csproj", "{6AEA0DEC-BAF6-4FDE-98F1-B17121E0D45C}"
EndProject
Project("{FAE04EC0-301F-11D3-BF4B-00C04F79EFBC}") = "Catel.MVVM.NET45", "Catel.MVVM\Catel.MVVM.NET45\Catel.MVVM.NET45.csproj", "{BEDEB2CB-51AB-4AF6-85F9-6A596B4603BB}"
EndProject
Project("{D954291E-2A0B-460D-934E-DC6B0785DB48}") = "Catel.Core.Shared", "Catel.Core\Catel.Core.Shared\Catel.Core.Shared.shproj", "{3743A304-3EE5-4909-BFEC-988D59D1B33A}"
EndProject
Project("{D954291E-2A0B-460D-934E-DC6B0785DB48}") = "Catel.Test.Shared", "Catel.Test\Catel.Test.Shared\Catel.Test.Shared.shproj", "{84191838-C476-4E1A-9129-07D8C906674A}"
EndProject
Project("{D954291E-2A0B-460D-934E-DC6B0785DB48}") = "Catel.MVVM.Shared", "Catel.MVVM\Catel.MVVM.Shared\Catel.MVVM.Shared.shproj", "{8C7EAB82-554B-4761-B67E-7E9B9A306914}"
EndProject
Project("{2150E333-8FDC-42A3-9474-1A3956D46DE8}") = "Catel.Serialization.Json", "Catel.Serialization.Json", "{85BEBC4F-4020-4045-945B-B8F6F732FC6E}"
EndProject
Project("{2150E333-8FDC-42A3-9474-1A3956D46DE8}") = "Catel.Serialization.Yaml", "Catel.Serialization.Yaml", "{E3580D73-CCCC-4956-8BCD-6F4F9B58310D}"
EndProject
Project("{D954291E-2A0B-460D-934E-DC6B0785DB48}") = "Catel.Serialization.Json.Shared", "Catel.Serialization.Json\Catel.Serialization.Json.Shared\Catel.Serialization.Json.Shared.shproj", "{E686A62C-2E03-40A2-8BE6-BDF6D5F19A71}"
EndProject
Project("{FAE04EC0-301F-11D3-BF4B-00C04F79EFBC}") = "Catel.Serialization.Json.NET45", "Catel.Serialization.Json\Catel.Serialization.Json.NET45\Catel.Serialization.Json.NET45.csproj", "{7C69650F-08C8-494C-857F-43B29A4BB20C}"
EndProject
Global
	GlobalSection(SharedMSBuildProjectFiles) = preSolution
		Catel.Core\Catel.Core.Shared\Catel.Core.Shared.projitems*{3743a304-3ee5-4909-bfec-988d59d1b33a}*SharedItemsImports = 13
		Catel.Test\Catel.Test.Shared\Catel.Test.Shared.projitems*{6aea0dec-baf6-4fde-98f1-b17121e0d45c}*SharedItemsImports = 4
		Catel.Serialization.Json\Catel.Serialization.Json.Shared\Catel.Serialization.Json.Shared.projitems*{7c69650f-08c8-494c-857f-43b29a4bb20c}*SharedItemsImports = 4
		Catel.Test\Catel.Test.Shared\Catel.Test.Shared.projitems*{84191838-c476-4e1a-9129-07d8c906674a}*SharedItemsImports = 13
		Catel.MVVM\Catel.MVVM.Shared\Catel.MVVM.Shared.projitems*{8c7eab82-554b-4761-b67e-7e9b9a306914}*SharedItemsImports = 13
		Catel.MVVM\Catel.MVVM.Shared\Catel.MVVM.Shared.projitems*{bedeb2cb-51ab-4af6-85f9-6a596b4603bb}*SharedItemsImports = 4
		Catel.Core\Catel.Core.Shared\Catel.Core.Shared.projitems*{d748be60-bad6-4d1b-be5a-c24943a56594}*SharedItemsImports = 4
		Catel.Serialization.Json\Catel.Serialization.Json.Shared\Catel.Serialization.Json.Shared.projitems*{e686a62c-2e03-40a2-8be6-bdf6d5f19a71}*SharedItemsImports = 13
	EndGlobalSection
	GlobalSection(SolutionConfigurationPlatforms) = preSolution
		Debug|Any CPU = Debug|Any CPU
		Debug|ARM = Debug|ARM
		Debug|x64 = Debug|x64
		Debug|x86 = Debug|x86
		Release|Any CPU = Release|Any CPU
		Release|ARM = Release|ARM
		Release|x64 = Release|x64
		Release|x86 = Release|x86
	EndGlobalSection
	GlobalSection(ProjectConfigurationPlatforms) = postSolution
		{D748BE60-BAD6-4D1B-BE5A-C24943A56594}.Debug|Any CPU.ActiveCfg = Debug|Any CPU
		{D748BE60-BAD6-4D1B-BE5A-C24943A56594}.Debug|Any CPU.Build.0 = Debug|Any CPU
		{D748BE60-BAD6-4D1B-BE5A-C24943A56594}.Debug|ARM.ActiveCfg = Debug|Any CPU
		{D748BE60-BAD6-4D1B-BE5A-C24943A56594}.Debug|x64.ActiveCfg = Debug|Any CPU
		{D748BE60-BAD6-4D1B-BE5A-C24943A56594}.Debug|x86.ActiveCfg = Debug|Any CPU
		{D748BE60-BAD6-4D1B-BE5A-C24943A56594}.Release|Any CPU.ActiveCfg = Release|Any CPU
		{D748BE60-BAD6-4D1B-BE5A-C24943A56594}.Release|Any CPU.Build.0 = Release|Any CPU
		{D748BE60-BAD6-4D1B-BE5A-C24943A56594}.Release|ARM.ActiveCfg = Release|Any CPU
		{D748BE60-BAD6-4D1B-BE5A-C24943A56594}.Release|x64.ActiveCfg = Release|Any CPU
		{D748BE60-BAD6-4D1B-BE5A-C24943A56594}.Release|x86.ActiveCfg = Release|Any CPU
		{6AEA0DEC-BAF6-4FDE-98F1-B17121E0D45C}.Debug|Any CPU.ActiveCfg = Debug|Any CPU
		{6AEA0DEC-BAF6-4FDE-98F1-B17121E0D45C}.Debug|Any CPU.Build.0 = Debug|Any CPU
		{6AEA0DEC-BAF6-4FDE-98F1-B17121E0D45C}.Debug|ARM.ActiveCfg = Debug|Any CPU
		{6AEA0DEC-BAF6-4FDE-98F1-B17121E0D45C}.Debug|x64.ActiveCfg = Debug|Any CPU
		{6AEA0DEC-BAF6-4FDE-98F1-B17121E0D45C}.Debug|x86.ActiveCfg = Debug|Any CPU
		{6AEA0DEC-BAF6-4FDE-98F1-B17121E0D45C}.Release|Any CPU.ActiveCfg = Release|Any CPU
		{6AEA0DEC-BAF6-4FDE-98F1-B17121E0D45C}.Release|Any CPU.Build.0 = Release|Any CPU
		{6AEA0DEC-BAF6-4FDE-98F1-B17121E0D45C}.Release|ARM.ActiveCfg = Release|Any CPU
		{6AEA0DEC-BAF6-4FDE-98F1-B17121E0D45C}.Release|x64.ActiveCfg = Release|Any CPU
		{6AEA0DEC-BAF6-4FDE-98F1-B17121E0D45C}.Release|x86.ActiveCfg = Release|Any CPU
		{BEDEB2CB-51AB-4AF6-85F9-6A596B4603BB}.Debug|Any CPU.ActiveCfg = Debug|Any CPU
		{BEDEB2CB-51AB-4AF6-85F9-6A596B4603BB}.Debug|Any CPU.Build.0 = Debug|Any CPU
		{BEDEB2CB-51AB-4AF6-85F9-6A596B4603BB}.Debug|ARM.ActiveCfg = Debug|Any CPU
		{BEDEB2CB-51AB-4AF6-85F9-6A596B4603BB}.Debug|x64.ActiveCfg = Debug|Any CPU
		{BEDEB2CB-51AB-4AF6-85F9-6A596B4603BB}.Debug|x86.ActiveCfg = Debug|Any CPU
		{BEDEB2CB-51AB-4AF6-85F9-6A596B4603BB}.Release|Any CPU.ActiveCfg = Release|Any CPU
		{BEDEB2CB-51AB-4AF6-85F9-6A596B4603BB}.Release|Any CPU.Build.0 = Release|Any CPU
		{BEDEB2CB-51AB-4AF6-85F9-6A596B4603BB}.Release|ARM.ActiveCfg = Release|Any CPU
		{BEDEB2CB-51AB-4AF6-85F9-6A596B4603BB}.Release|x64.ActiveCfg = Release|Any CPU
		{BEDEB2CB-51AB-4AF6-85F9-6A596B4603BB}.Release|x86.ActiveCfg = Release|Any CPU
		{7C69650F-08C8-494C-857F-43B29A4BB20C}.Debug|Any CPU.ActiveCfg = Debug|Any CPU
		{7C69650F-08C8-494C-857F-43B29A4BB20C}.Debug|Any CPU.Build.0 = Debug|Any CPU
		{7C69650F-08C8-494C-857F-43B29A4BB20C}.Debug|ARM.ActiveCfg = Debug|Any CPU
		{7C69650F-08C8-494C-857F-43B29A4BB20C}.Debug|x64.ActiveCfg = Debug|Any CPU
		{7C69650F-08C8-494C-857F-43B29A4BB20C}.Debug|x86.ActiveCfg = Debug|Any CPU
		{7C69650F-08C8-494C-857F-43B29A4BB20C}.Release|Any CPU.ActiveCfg = Release|Any CPU
		{7C69650F-08C8-494C-857F-43B29A4BB20C}.Release|Any CPU.Build.0 = Release|Any CPU
		{7C69650F-08C8-494C-857F-43B29A4BB20C}.Release|ARM.ActiveCfg = Release|Any CPU
		{7C69650F-08C8-494C-857F-43B29A4BB20C}.Release|x64.ActiveCfg = Release|Any CPU
		{7C69650F-08C8-494C-857F-43B29A4BB20C}.Release|x86.ActiveCfg = Release|Any CPU
	EndGlobalSection
	GlobalSection(SolutionProperties) = preSolution
		HideSolutionNode = FALSE
	EndGlobalSection
	GlobalSection(NestedProjects) = preSolution
		{3F661942-9946-4292-9FE7-6B576782D5F9} = {58F62039-8645-499C-B264-66048F4F0F75}
		{162DE45B-B7A2-4D4A-B90D-F1762133C31C} = {58F62039-8645-499C-B264-66048F4F0F75}
		{8C3710FE-B6C7-4261-81B6-897F4B286B2B} = {58F62039-8645-499C-B264-66048F4F0F75}
		{D748BE60-BAD6-4D1B-BE5A-C24943A56594} = {3F661942-9946-4292-9FE7-6B576782D5F9}
		{6AEA0DEC-BAF6-4FDE-98F1-B17121E0D45C} = {8C3710FE-B6C7-4261-81B6-897F4B286B2B}
		{BEDEB2CB-51AB-4AF6-85F9-6A596B4603BB} = {162DE45B-B7A2-4D4A-B90D-F1762133C31C}
		{3743A304-3EE5-4909-BFEC-988D59D1B33A} = {3F661942-9946-4292-9FE7-6B576782D5F9}
		{84191838-C476-4E1A-9129-07D8C906674A} = {8C3710FE-B6C7-4261-81B6-897F4B286B2B}
		{8C7EAB82-554B-4761-B67E-7E9B9A306914} = {162DE45B-B7A2-4D4A-B90D-F1762133C31C}
		{85BEBC4F-4020-4045-945B-B8F6F732FC6E} = {58F62039-8645-499C-B264-66048F4F0F75}
		{E3580D73-CCCC-4956-8BCD-6F4F9B58310D} = {58F62039-8645-499C-B264-66048F4F0F75}
		{E686A62C-2E03-40A2-8BE6-BDF6D5F19A71} = {85BEBC4F-4020-4045-945B-B8F6F732FC6E}
		{7C69650F-08C8-494C-857F-43B29A4BB20C} = {85BEBC4F-4020-4045-945B-B8F6F732FC6E}
	EndGlobalSection
	GlobalSection(ExtensibilityGlobals) = postSolution
		EnterpriseLibraryConfigurationToolBinariesPath = packages\Unity.2.1.505.0\lib\NET35;..\lib\Unity.2.1.505.0\lib\NET35;..\lib\Unity.2.1.505.2\lib\NET35
	EndGlobalSection
	GlobalSection(DPCodeReviewSolutionGUID) = preSolution
		DPCodeReviewSolutionGUID = {00000000-0000-0000-0000-000000000000}
	EndGlobalSection
EndGlobal
