
Microsoft Visual Studio Solution File, Format Version 12.00
# Visual Studio 15
VisualStudioVersion = 15.0.27004.2005
MinimumVisualStudioVersion = 10.0.40219.1
Project("{2150E333-8FDC-42A3-9474-1A3956D46DE8}") = "src", "src", "{58F62039-8645-499C-B264-66048F4F0F75}"
EndProject
Project("{2150E333-8FDC-42A3-9474-1A3956D46DE8}") = "Core", "Core", "{3F661942-9946-4292-9FE7-6B576782D5F9}"
EndProject
Project("{2150E333-8FDC-42A3-9474-1A3956D46DE8}") = "Tests", "Tests", "{8C3710FE-B6C7-4261-81B6-897F4B286B2B}"
EndProject
Project("{9A19103F-16F7-4668-BE54-9A1E7A4F7556}") = "Catel.Core", "Catel.Core\Catel.Core.csproj", "{BD06A930-70E0-40BC-988F-750306F21BB2}"
EndProject
Project("{9A19103F-16F7-4668-BE54-9A1E7A4F7556}") = "Catel.MVVM", "Catel.MVVM\Catel.MVVM.csproj", "{90EC67D1-9867-4AD9-968A-778DEBD6D76C}"
EndProject
Project("{9A19103F-16F7-4668-BE54-9A1E7A4F7556}") = "Catel.MVVM.Xamarin.Forms", "Catel.MVVM.Xamarin.Forms\Catel.MVVM.Xamarin.Forms.csproj", "{756775B0-6A34-4CE7-B7B5-4ACE84784A84}"
EndProject
Project("{9A19103F-16F7-4668-BE54-9A1E7A4F7556}") = "Catel.Serialization.Json", "Catel.Serialization.Json\Catel.Serialization.Json.csproj", "{CB131A64-B71B-4A58-B05D-BAD62487304D}"
EndProject
Project("{9A19103F-16F7-4668-BE54-9A1E7A4F7556}") = "Catel.Tests", "Catel.Tests\Catel.Tests.csproj", "{37C50053-7FF6-451F-8C15-40F549B72A1D}"
EndProject
Project("{9A19103F-16F7-4668-BE54-9A1E7A4F7556}") = "Catel.Tests.TestReferenceA", "Catel.Tests.TestReferenceA\Catel.Tests.TestReferenceA.csproj", "{7ABBFFC5-92A4-4F9C-8E8C-08F57CEB99E9}"
EndProject
Project("{9A19103F-16F7-4668-BE54-9A1E7A4F7556}") = "Catel.Tests.TestReferenceB", "Catel.Tests.TestReferenceB\Catel.Tests.TestReferenceB.csproj", "{5B8138EB-A28F-48CC-9B42-4C27D3CD545F}"
EndProject
Project("{9A19103F-16F7-4668-BE54-9A1E7A4F7556}") = "Catel.Tests.TestReferenceC", "Catel.Tests.TestReferenceC\Catel.Tests.TestReferenceC.csproj", "{45AEA425-0C49-410F-B3C6-919626BDD156}"
EndProject
Global
	GlobalSection(SolutionConfigurationPlatforms) = preSolution
		Debug|Any CPU = Debug|Any CPU
		Debug|ARM = Debug|ARM
		Debug|x64 = Debug|x64
		Debug|x86 = Debug|x86
		Release|Any CPU = Release|Any CPU
		Release|ARM = Release|ARM
		Release|x64 = Release|x64
		Release|x86 = Release|x86
	EndGlobalSection
	GlobalSection(ProjectConfigurationPlatforms) = postSolution
		{BD06A930-70E0-40BC-988F-750306F21BB2}.Debug|Any CPU.ActiveCfg = Debug|Any CPU
		{BD06A930-70E0-40BC-988F-750306F21BB2}.Debug|Any CPU.Build.0 = Debug|Any CPU
		{BD06A930-70E0-40BC-988F-750306F21BB2}.Debug|ARM.ActiveCfg = Debug|Any CPU
		{BD06A930-70E0-40BC-988F-750306F21BB2}.Debug|ARM.Build.0 = Debug|Any CPU
		{BD06A930-70E0-40BC-988F-750306F21BB2}.Debug|x64.ActiveCfg = Debug|Any CPU
		{BD06A930-70E0-40BC-988F-750306F21BB2}.Debug|x64.Build.0 = Debug|Any CPU
		{BD06A930-70E0-40BC-988F-750306F21BB2}.Debug|x86.ActiveCfg = Debug|Any CPU
		{BD06A930-70E0-40BC-988F-750306F21BB2}.Debug|x86.Build.0 = Debug|Any CPU
		{BD06A930-70E0-40BC-988F-750306F21BB2}.Release|Any CPU.ActiveCfg = Release|Any CPU
		{BD06A930-70E0-40BC-988F-750306F21BB2}.Release|Any CPU.Build.0 = Release|Any CPU
		{BD06A930-70E0-40BC-988F-750306F21BB2}.Release|ARM.ActiveCfg = Release|Any CPU
		{BD06A930-70E0-40BC-988F-750306F21BB2}.Release|ARM.Build.0 = Release|Any CPU
		{BD06A930-70E0-40BC-988F-750306F21BB2}.Release|x64.ActiveCfg = Release|Any CPU
		{BD06A930-70E0-40BC-988F-750306F21BB2}.Release|x64.Build.0 = Release|Any CPU
		{BD06A930-70E0-40BC-988F-750306F21BB2}.Release|x86.ActiveCfg = Release|Any CPU
		{BD06A930-70E0-40BC-988F-750306F21BB2}.Release|x86.Build.0 = Release|Any CPU
		{90EC67D1-9867-4AD9-968A-778DEBD6D76C}.Debug|Any CPU.ActiveCfg = Debug|Any CPU
		{90EC67D1-9867-4AD9-968A-778DEBD6D76C}.Debug|Any CPU.Build.0 = Debug|Any CPU
		{90EC67D1-9867-4AD9-968A-778DEBD6D76C}.Debug|ARM.ActiveCfg = Debug|Any CPU
		{90EC67D1-9867-4AD9-968A-778DEBD6D76C}.Debug|ARM.Build.0 = Debug|Any CPU
		{90EC67D1-9867-4AD9-968A-778DEBD6D76C}.Debug|x64.ActiveCfg = Debug|Any CPU
		{90EC67D1-9867-4AD9-968A-778DEBD6D76C}.Debug|x64.Build.0 = Debug|Any CPU
		{90EC67D1-9867-4AD9-968A-778DEBD6D76C}.Debug|x86.ActiveCfg = Debug|Any CPU
		{90EC67D1-9867-4AD9-968A-778DEBD6D76C}.Debug|x86.Build.0 = Debug|Any CPU
		{90EC67D1-9867-4AD9-968A-778DEBD6D76C}.Release|Any CPU.ActiveCfg = Release|Any CPU
		{90EC67D1-9867-4AD9-968A-778DEBD6D76C}.Release|Any CPU.Build.0 = Release|Any CPU
		{90EC67D1-9867-4AD9-968A-778DEBD6D76C}.Release|ARM.ActiveCfg = Release|Any CPU
		{90EC67D1-9867-4AD9-968A-778DEBD6D76C}.Release|ARM.Build.0 = Release|Any CPU
		{90EC67D1-9867-4AD9-968A-778DEBD6D76C}.Release|x64.ActiveCfg = Release|Any CPU
		{90EC67D1-9867-4AD9-968A-778DEBD6D76C}.Release|x64.Build.0 = Release|Any CPU
		{90EC67D1-9867-4AD9-968A-778DEBD6D76C}.Release|x86.ActiveCfg = Release|Any CPU
		{90EC67D1-9867-4AD9-968A-778DEBD6D76C}.Release|x86.Build.0 = Release|Any CPU
		{756775B0-6A34-4CE7-B7B5-4ACE84784A84}.Debug|Any CPU.ActiveCfg = Debug|Any CPU
		{756775B0-6A34-4CE7-B7B5-4ACE84784A84}.Debug|Any CPU.Build.0 = Debug|Any CPU
		{756775B0-6A34-4CE7-B7B5-4ACE84784A84}.Debug|ARM.ActiveCfg = Debug|Any CPU
		{756775B0-6A34-4CE7-B7B5-4ACE84784A84}.Debug|ARM.Build.0 = Debug|Any CPU
		{756775B0-6A34-4CE7-B7B5-4ACE84784A84}.Debug|x64.ActiveCfg = Debug|Any CPU
		{756775B0-6A34-4CE7-B7B5-4ACE84784A84}.Debug|x64.Build.0 = Debug|Any CPU
		{756775B0-6A34-4CE7-B7B5-4ACE84784A84}.Debug|x86.ActiveCfg = Debug|Any CPU
		{756775B0-6A34-4CE7-B7B5-4ACE84784A84}.Debug|x86.Build.0 = Debug|Any CPU
		{756775B0-6A34-4CE7-B7B5-4ACE84784A84}.Release|Any CPU.ActiveCfg = Release|Any CPU
		{756775B0-6A34-4CE7-B7B5-4ACE84784A84}.Release|Any CPU.Build.0 = Release|Any CPU
		{756775B0-6A34-4CE7-B7B5-4ACE84784A84}.Release|ARM.ActiveCfg = Release|Any CPU
		{756775B0-6A34-4CE7-B7B5-4ACE84784A84}.Release|ARM.Build.0 = Release|Any CPU
		{756775B0-6A34-4CE7-B7B5-4ACE84784A84}.Release|x64.ActiveCfg = Release|Any CPU
		{756775B0-6A34-4CE7-B7B5-4ACE84784A84}.Release|x64.Build.0 = Release|Any CPU
		{756775B0-6A34-4CE7-B7B5-4ACE84784A84}.Release|x86.ActiveCfg = Release|Any CPU
		{756775B0-6A34-4CE7-B7B5-4ACE84784A84}.Release|x86.Build.0 = Release|Any CPU
		{CB131A64-B71B-4A58-B05D-BAD62487304D}.Debug|Any CPU.ActiveCfg = Debug|Any CPU
		{CB131A64-B71B-4A58-B05D-BAD62487304D}.Debug|Any CPU.Build.0 = Debug|Any CPU
		{CB131A64-B71B-4A58-B05D-BAD62487304D}.Debug|ARM.ActiveCfg = Debug|Any CPU
		{CB131A64-B71B-4A58-B05D-BAD62487304D}.Debug|ARM.Build.0 = Debug|Any CPU
		{CB131A64-B71B-4A58-B05D-BAD62487304D}.Debug|x64.ActiveCfg = Debug|Any CPU
		{CB131A64-B71B-4A58-B05D-BAD62487304D}.Debug|x64.Build.0 = Debug|Any CPU
		{CB131A64-B71B-4A58-B05D-BAD62487304D}.Debug|x86.ActiveCfg = Debug|Any CPU
		{CB131A64-B71B-4A58-B05D-BAD62487304D}.Debug|x86.Build.0 = Debug|Any CPU
		{CB131A64-B71B-4A58-B05D-BAD62487304D}.Release|Any CPU.ActiveCfg = Release|Any CPU
		{CB131A64-B71B-4A58-B05D-BAD62487304D}.Release|Any CPU.Build.0 = Release|Any CPU
		{CB131A64-B71B-4A58-B05D-BAD62487304D}.Release|ARM.ActiveCfg = Release|Any CPU
		{CB131A64-B71B-4A58-B05D-BAD62487304D}.Release|ARM.Build.0 = Release|Any CPU
		{CB131A64-B71B-4A58-B05D-BAD62487304D}.Release|x64.ActiveCfg = Release|Any CPU
		{CB131A64-B71B-4A58-B05D-BAD62487304D}.Release|x64.Build.0 = Release|Any CPU
		{CB131A64-B71B-4A58-B05D-BAD62487304D}.Release|x86.ActiveCfg = Release|Any CPU
		{CB131A64-B71B-4A58-B05D-BAD62487304D}.Release|x86.Build.0 = Release|Any CPU
		{37C50053-7FF6-451F-8C15-40F549B72A1D}.Debug|Any CPU.ActiveCfg = Debug|Any CPU
		{37C50053-7FF6-451F-8C15-40F549B72A1D}.Debug|Any CPU.Build.0 = Debug|Any CPU
		{37C50053-7FF6-451F-8C15-40F549B72A1D}.Debug|ARM.ActiveCfg = Debug|Any CPU
		{37C50053-7FF6-451F-8C15-40F549B72A1D}.Debug|ARM.Build.0 = Debug|Any CPU
		{37C50053-7FF6-451F-8C15-40F549B72A1D}.Debug|x64.ActiveCfg = Debug|Any CPU
		{37C50053-7FF6-451F-8C15-40F549B72A1D}.Debug|x64.Build.0 = Debug|Any CPU
		{37C50053-7FF6-451F-8C15-40F549B72A1D}.Debug|x86.ActiveCfg = Debug|Any CPU
		{37C50053-7FF6-451F-8C15-40F549B72A1D}.Debug|x86.Build.0 = Debug|Any CPU
		{37C50053-7FF6-451F-8C15-40F549B72A1D}.Release|Any CPU.ActiveCfg = Release|Any CPU
		{37C50053-7FF6-451F-8C15-40F549B72A1D}.Release|Any CPU.Build.0 = Release|Any CPU
		{37C50053-7FF6-451F-8C15-40F549B72A1D}.Release|ARM.ActiveCfg = Release|Any CPU
		{37C50053-7FF6-451F-8C15-40F549B72A1D}.Release|ARM.Build.0 = Release|Any CPU
		{37C50053-7FF6-451F-8C15-40F549B72A1D}.Release|x64.ActiveCfg = Release|Any CPU
		{37C50053-7FF6-451F-8C15-40F549B72A1D}.Release|x64.Build.0 = Release|Any CPU
		{37C50053-7FF6-451F-8C15-40F549B72A1D}.Release|x86.ActiveCfg = Release|Any CPU
		{37C50053-7FF6-451F-8C15-40F549B72A1D}.Release|x86.Build.0 = Release|Any CPU
		{7ABBFFC5-92A4-4F9C-8E8C-08F57CEB99E9}.Debug|Any CPU.ActiveCfg = Debug|Any CPU
		{7ABBFFC5-92A4-4F9C-8E8C-08F57CEB99E9}.Debug|Any CPU.Build.0 = Debug|Any CPU
		{7ABBFFC5-92A4-4F9C-8E8C-08F57CEB99E9}.Debug|ARM.ActiveCfg = Debug|Any CPU
		{7ABBFFC5-92A4-4F9C-8E8C-08F57CEB99E9}.Debug|ARM.Build.0 = Debug|Any CPU
		{7ABBFFC5-92A4-4F9C-8E8C-08F57CEB99E9}.Debug|x64.ActiveCfg = Debug|Any CPU
		{7ABBFFC5-92A4-4F9C-8E8C-08F57CEB99E9}.Debug|x64.Build.0 = Debug|Any CPU
		{7ABBFFC5-92A4-4F9C-8E8C-08F57CEB99E9}.Debug|x86.ActiveCfg = Debug|Any CPU
		{7ABBFFC5-92A4-4F9C-8E8C-08F57CEB99E9}.Debug|x86.Build.0 = Debug|Any CPU
		{7ABBFFC5-92A4-4F9C-8E8C-08F57CEB99E9}.Release|Any CPU.ActiveCfg = Release|Any CPU
		{7ABBFFC5-92A4-4F9C-8E8C-08F57CEB99E9}.Release|Any CPU.Build.0 = Release|Any CPU
		{7ABBFFC5-92A4-4F9C-8E8C-08F57CEB99E9}.Release|ARM.ActiveCfg = Release|Any CPU
		{7ABBFFC5-92A4-4F9C-8E8C-08F57CEB99E9}.Release|ARM.Build.0 = Release|Any CPU
		{7ABBFFC5-92A4-4F9C-8E8C-08F57CEB99E9}.Release|x64.ActiveCfg = Release|Any CPU
		{7ABBFFC5-92A4-4F9C-8E8C-08F57CEB99E9}.Release|x64.Build.0 = Release|Any CPU
		{7ABBFFC5-92A4-4F9C-8E8C-08F57CEB99E9}.Release|x86.ActiveCfg = Release|Any CPU
		{7ABBFFC5-92A4-4F9C-8E8C-08F57CEB99E9}.Release|x86.Build.0 = Release|Any CPU
		{5B8138EB-A28F-48CC-9B42-4C27D3CD545F}.Debug|Any CPU.ActiveCfg = Debug|Any CPU
		{5B8138EB-A28F-48CC-9B42-4C27D3CD545F}.Debug|Any CPU.Build.0 = Debug|Any CPU
		{5B8138EB-A28F-48CC-9B42-4C27D3CD545F}.Debug|ARM.ActiveCfg = Debug|Any CPU
		{5B8138EB-A28F-48CC-9B42-4C27D3CD545F}.Debug|ARM.Build.0 = Debug|Any CPU
		{5B8138EB-A28F-48CC-9B42-4C27D3CD545F}.Debug|x64.ActiveCfg = Debug|Any CPU
		{5B8138EB-A28F-48CC-9B42-4C27D3CD545F}.Debug|x64.Build.0 = Debug|Any CPU
		{5B8138EB-A28F-48CC-9B42-4C27D3CD545F}.Debug|x86.ActiveCfg = Debug|Any CPU
		{5B8138EB-A28F-48CC-9B42-4C27D3CD545F}.Debug|x86.Build.0 = Debug|Any CPU
		{5B8138EB-A28F-48CC-9B42-4C27D3CD545F}.Release|Any CPU.ActiveCfg = Release|Any CPU
		{5B8138EB-A28F-48CC-9B42-4C27D3CD545F}.Release|Any CPU.Build.0 = Release|Any CPU
		{5B8138EB-A28F-48CC-9B42-4C27D3CD545F}.Release|ARM.ActiveCfg = Release|Any CPU
		{5B8138EB-A28F-48CC-9B42-4C27D3CD545F}.Release|ARM.Build.0 = Release|Any CPU
		{5B8138EB-A28F-48CC-9B42-4C27D3CD545F}.Release|x64.ActiveCfg = Release|Any CPU
		{5B8138EB-A28F-48CC-9B42-4C27D3CD545F}.Release|x64.Build.0 = Release|Any CPU
		{5B8138EB-A28F-48CC-9B42-4C27D3CD545F}.Release|x86.ActiveCfg = Release|Any CPU
		{5B8138EB-A28F-48CC-9B42-4C27D3CD545F}.Release|x86.Build.0 = Release|Any CPU
		{45AEA425-0C49-410F-B3C6-919626BDD156}.Debug|Any CPU.ActiveCfg = Debug|Any CPU
		{45AEA425-0C49-410F-B3C6-919626BDD156}.Debug|Any CPU.Build.0 = Debug|Any CPU
		{45AEA425-0C49-410F-B3C6-919626BDD156}.Debug|ARM.ActiveCfg = Debug|Any CPU
		{45AEA425-0C49-410F-B3C6-919626BDD156}.Debug|ARM.Build.0 = Debug|Any CPU
		{45AEA425-0C49-410F-B3C6-919626BDD156}.Debug|x64.ActiveCfg = Debug|Any CPU
		{45AEA425-0C49-410F-B3C6-919626BDD156}.Debug|x64.Build.0 = Debug|Any CPU
		{45AEA425-0C49-410F-B3C6-919626BDD156}.Debug|x86.ActiveCfg = Debug|Any CPU
		{45AEA425-0C49-410F-B3C6-919626BDD156}.Debug|x86.Build.0 = Debug|Any CPU
		{45AEA425-0C49-410F-B3C6-919626BDD156}.Release|Any CPU.ActiveCfg = Release|Any CPU
		{45AEA425-0C49-410F-B3C6-919626BDD156}.Release|Any CPU.Build.0 = Release|Any CPU
		{45AEA425-0C49-410F-B3C6-919626BDD156}.Release|ARM.ActiveCfg = Release|Any CPU
		{45AEA425-0C49-410F-B3C6-919626BDD156}.Release|ARM.Build.0 = Release|Any CPU
		{45AEA425-0C49-410F-B3C6-919626BDD156}.Release|x64.ActiveCfg = Release|Any CPU
		{45AEA425-0C49-410F-B3C6-919626BDD156}.Release|x64.Build.0 = Release|Any CPU
		{45AEA425-0C49-410F-B3C6-919626BDD156}.Release|x86.ActiveCfg = Release|Any CPU
		{45AEA425-0C49-410F-B3C6-919626BDD156}.Release|x86.Build.0 = Release|Any CPU
	EndGlobalSection
	GlobalSection(SolutionProperties) = preSolution
		HideSolutionNode = FALSE
	EndGlobalSection
	GlobalSection(NestedProjects) = preSolution
		{3F661942-9946-4292-9FE7-6B576782D5F9} = {58F62039-8645-499C-B264-66048F4F0F75}
		{8C3710FE-B6C7-4261-81B6-897F4B286B2B} = {58F62039-8645-499C-B264-66048F4F0F75}
		{BD06A930-70E0-40BC-988F-750306F21BB2} = {3F661942-9946-4292-9FE7-6B576782D5F9}
		{90EC67D1-9867-4AD9-968A-778DEBD6D76C} = {3F661942-9946-4292-9FE7-6B576782D5F9}
		{756775B0-6A34-4CE7-B7B5-4ACE84784A84} = {3F661942-9946-4292-9FE7-6B576782D5F9}
		{CB131A64-B71B-4A58-B05D-BAD62487304D} = {3F661942-9946-4292-9FE7-6B576782D5F9}
		{37C50053-7FF6-451F-8C15-40F549B72A1D} = {8C3710FE-B6C7-4261-81B6-897F4B286B2B}
		{7ABBFFC5-92A4-4F9C-8E8C-08F57CEB99E9} = {8C3710FE-B6C7-4261-81B6-897F4B286B2B}
		{5B8138EB-A28F-48CC-9B42-4C27D3CD545F} = {8C3710FE-B6C7-4261-81B6-897F4B286B2B}
		{45AEA425-0C49-410F-B3C6-919626BDD156} = {8C3710FE-B6C7-4261-81B6-897F4B286B2B}
	EndGlobalSection
	GlobalSection(ExtensibilityGlobals) = postSolution
		EnterpriseLibraryConfigurationToolBinariesPath = packages\Unity.2.1.505.0\lib\NET35;..\lib\Unity.2.1.505.0\lib\NET35;..\lib\Unity.2.1.505.2\lib\NET35
		SolutionGuid = {E7E14C75-5B2C-4D92-BA59-129F44310038}
	EndGlobalSection
	GlobalSection(DPCodeReviewSolutionGUID) = preSolution
		DPCodeReviewSolutionGUID = {00000000-0000-0000-0000-000000000000}
	EndGlobalSection
	GlobalSection(NDepend) = preSolution
		Project = "Catel.ndproj"
	EndGlobalSection
EndGlobal
