<Solution>

  <Folder Name="/src/" />
  <Folder Name="/src/Catel/">
    <Project Path="Catel.Core/Catel.Core.csproj" />
    <Project Path="Catel.MVVM/Catel.MVVM.csproj" />
  </Folder>
  <Folder Name="/src/Catel/Tests/">
    <Project Path="Catel.Tests/Catel.Tests.csproj" />
  </Folder>
  <Folder Name="/src/Orc.Automation/">
    <Project Path="../../Orc.Automation/src/Orc.Automation/Orc.Automation.csproj" Id="8946028d-a6f7-4a64-98cc-71f1669e1d8e" />
  </Folder>
  <Folder Name="/src/Orc.Controls/">
    <Project Path="../../Orc.Controls/src/Orc.Controls/Orc.Controls.csproj" Id="84e22240-d816-4b43-ac37-92b805a2bee3" />
  </Folder>
  <Folder Name="/src/Orc.FileSystem/">
    <Project Path="../../Orc.FileSystem/src/Orc.FileSystem/Orc.FileSystem.csproj" Id="360c62c6-7905-46d0-8b93-abd90857e478" />
  </Folder>
  <Folder Name="/src/Orc.Notifications/">
    <Project Path="../../Orc.Notifications/src/Orc.Notifications/Orc.Notifications.csproj" Id="4b76ca3b-37ab-4b3b-9eb7-efe9d65bb09c" />
  </Folder>
  <Folder Name="/src/Orc.Serialization/">
    <Project Path="../../Orc.Serialization/src/Orc.Serialization.Json/Orc.Serialization.Json.csproj" Id="3c144956-6635-48c9-ab59-de6d96f1bb48" />
    <Project Path="../../Orc.Serialization/src/Orc.Serialization.Yaml/Orc.Serialization.Yaml.csproj" Id="6607793b-c15e-4fe3-bc84-8e202c4e5183" />
  </Folder>
  <Folder Name="/src/Orc.SystemInfo/">
    <Project Path="../../Orc.SystemInfo/src/Orc.SystemInfo/Orc.SystemInfo.csproj" Id="80a0d499-6ec4-49e5-b7be-1e9f196ba7fa" />
  </Folder>
  <Folder Name="/src/Orc.Theming/">
    <Project Path="../../Orc.Theming/src/Orc.Theming/Orc.Theming.csproj" Id="fcd588fc-6acc-4658-893f-0ecb2d8de620" />
  </Folder>
  <Folder Name="/src/Orchestra.Example/">
    <Project Path="../../Orchestra/src/Orchestra.Examples.Ribbon.Fluent/Orchestra.Examples.Ribbon.Fluent.csproj" />
    <Project Path="../../Orchestra/src/Orchestra.Examples.Shared/Orchestra.Examples.Shared.shproj" Id="0f4ee33d-8e27-43ba-bcf7-1c61cdca09ec" />
  </Folder>
  <Folder Name="/src/Orchestra/">
    <Project Path="../../Orchestra/src/Orchestra.Core/Orchestra.Core.csproj" Id="c7049e9c-d258-4e3f-8de3-17d8c50145ca" />
    <Project Path="../../Orchestra/src/Orchestra.Shell.Ribbon.Fluent/Orchestra.Shell.Ribbon.Fluent.csproj" Id="bd65929c-36c0-4935-8d03-9ab82684c56d" />
  </Folder>

</Solution>
