
Microsoft Visual Studio Solution File, Format Version 12.00
# Visual Studio 15
VisualStudioVersion = 15.0.26730.3
MinimumVisualStudioVersion = 10.0.40219.1
Project("{2150E333-8FDC-42A3-9474-1A3956D46DE8}") = "src", "src", "{58F62039-8645-499C-B264-66048F4F0F75}"
EndProject
Project("{2150E333-8FDC-42A3-9474-1A3956D46DE8}") = "doc", "doc", "{E0737FB3-1C66-4582-A076-F6DCD6504C48}"
	ProjectSection(SolutionItems) = preProject
		..\doc\catel rules.txt = ..\doc\catel rules.txt
		..\doc\easy deployment.txt = ..\doc\easy deployment.txt
		..\doc\faq.txt = ..\doc\faq.txt
		..\doc\history.txt = ..\doc\history.txt
		..\doc\projects explanation.txt = ..\doc\projects explanation.txt
		..\doc\readme.txt = ..\doc\readme.txt
		..\doc\release steps.txt = ..\doc\release steps.txt
		..\doc\running custom tool.txt = ..\doc\running custom tool.txt
		..\doc\translating resources.txt = ..\doc\translating resources.txt
	EndProjectSection
EndProject
Project("{2150E333-8FDC-42A3-9474-1A3956D46DE8}") = "misc", "misc", "{EF395E12-0C90-4CE1-921A-A276AF0DC28A}"
	ProjectSection(SolutionItems) = preProject
		Catel.snk = Catel.snk
		CustomDictionary.xml = CustomDictionary.xml
		Directory.build.project.props = Directory.build.project.props
		Directory.build.props = Directory.build.props
		Directory.build.shared.explicit.props = Directory.build.shared.explicit.props
		Directory.build.shared.implicit.props = Directory.build.shared.implicit.props
		Directory.build.targets = Directory.build.targets
		GlobalSuppressions.cs = GlobalSuppressions.cs
		MethodTimeLogger.cs = MethodTimeLogger.cs
		nuget.config = nuget.config
		Settings.StyleCop = Settings.StyleCop
		SolutionAssemblyInfo.cs = SolutionAssemblyInfo.cs
	EndProjectSection
EndProject
Project("{2150E333-8FDC-42A3-9474-1A3956D46DE8}") = "Tests", "Tests", "{8C3710FE-B6C7-4261-81B6-897F4B286B2B}"
EndProject
Project("{9A19103F-16F7-4668-BE54-9A1E7A4F7556}") = "Catel.Core", "Catel.Core\Catel.Core.csproj", "{6AB7A187-7F1A-4BE9-A4A0-132F00D06F00}"
EndProject
Project("{2150E333-8FDC-42A3-9474-1A3956D46DE8}") = "Core", "Core", "{4412C6EA-F923-422A-B025-DEB25BD3AA69}"
EndProject
Project("{9A19103F-16F7-4668-BE54-9A1E7A4F7556}") = "Catel.MVVM", "Catel.MVVM\Catel.MVVM.csproj", "{1E16CC4E-6C4F-4D06-A769-0EE643C133F8}"
EndProject
Project("{9A19103F-16F7-4668-BE54-9A1E7A4F7556}") = "Catel.MVVM.Xamarin.Forms", "Catel.MVVM.Xamarin.Forms\Catel.MVVM.Xamarin.Forms.csproj", "{C7F2E7DF-3373-4927-B77C-BB1DA5EB2161}"
EndProject
Project("{9A19103F-16F7-4668-BE54-9A1E7A4F7556}") = "Catel.Serialization.Json", "Catel.Serialization.Json\Catel.Serialization.Json.csproj", "{FE8BA693-2518-4497-931A-F1665E798EAD}"
EndProject
Project("{9A19103F-16F7-4668-BE54-9A1E7A4F7556}") = "Catel.Tests", "Catel.Tests\Catel.Tests.csproj", "{BB8CD52B-6E51-433D-B132-91A7C5CBEDC2}"
EndProject
Project("{9A19103F-16F7-4668-BE54-9A1E7A4F7556}") = "Catel.Tests.TestReferenceA", "Catel.Tests.TestReferenceA\Catel.Tests.TestReferenceA.csproj", "{FE613FD8-6773-4903-8BD6-11EEB6D57210}"
EndProject
Project("{9A19103F-16F7-4668-BE54-9A1E7A4F7556}") = "Catel.Tests.TestReferenceB", "Catel.Tests.TestReferenceB\Catel.Tests.TestReferenceB.csproj", "{F417918C-C57F-4653-9A1A-9DAD829854BD}"
EndProject
Project("{9A19103F-16F7-4668-BE54-9A1E7A4F7556}") = "Catel.Tests.TestReferenceC", "Catel.Tests.TestReferenceC\Catel.Tests.TestReferenceC.csproj", "{C8B3FAB1-53C1-468F-A42D-B1442045017C}"
EndProject
Global
	GlobalSection(SolutionConfigurationPlatforms) = preSolution
		Debug|Any CPU = Debug|Any CPU
		Debug|ARM = Debug|ARM
		Debug|x64 = Debug|x64
		Debug|x86 = Debug|x86
		Release|Any CPU = Release|Any CPU
		Release|ARM = Release|ARM
		Release|x64 = Release|x64
		Release|x86 = Release|x86
	EndGlobalSection
	GlobalSection(ProjectConfigurationPlatforms) = postSolution
		{6AB7A187-7F1A-4BE9-A4A0-132F00D06F00}.Debug|Any CPU.ActiveCfg = Debug|Any CPU
		{6AB7A187-7F1A-4BE9-A4A0-132F00D06F00}.Debug|Any CPU.Build.0 = Debug|Any CPU
		{6AB7A187-7F1A-4BE9-A4A0-132F00D06F00}.Debug|ARM.ActiveCfg = Debug|Any CPU
		{6AB7A187-7F1A-4BE9-A4A0-132F00D06F00}.Debug|ARM.Build.0 = Debug|Any CPU
		{6AB7A187-7F1A-4BE9-A4A0-132F00D06F00}.Debug|x64.ActiveCfg = Debug|Any CPU
		{6AB7A187-7F1A-4BE9-A4A0-132F00D06F00}.Debug|x64.Build.0 = Debug|Any CPU
		{6AB7A187-7F1A-4BE9-A4A0-132F00D06F00}.Debug|x86.ActiveCfg = Debug|Any CPU
		{6AB7A187-7F1A-4BE9-A4A0-132F00D06F00}.Debug|x86.Build.0 = Debug|Any CPU
		{6AB7A187-7F1A-4BE9-A4A0-132F00D06F00}.Release|Any CPU.ActiveCfg = Release|Any CPU
		{6AB7A187-7F1A-4BE9-A4A0-132F00D06F00}.Release|Any CPU.Build.0 = Release|Any CPU
		{6AB7A187-7F1A-4BE9-A4A0-132F00D06F00}.Release|ARM.ActiveCfg = Release|Any CPU
		{6AB7A187-7F1A-4BE9-A4A0-132F00D06F00}.Release|ARM.Build.0 = Release|Any CPU
		{6AB7A187-7F1A-4BE9-A4A0-132F00D06F00}.Release|x64.ActiveCfg = Release|Any CPU
		{6AB7A187-7F1A-4BE9-A4A0-132F00D06F00}.Release|x64.Build.0 = Release|Any CPU
		{6AB7A187-7F1A-4BE9-A4A0-132F00D06F00}.Release|x86.ActiveCfg = Release|Any CPU
		{6AB7A187-7F1A-4BE9-A4A0-132F00D06F00}.Release|x86.Build.0 = Release|Any CPU
		{1E16CC4E-6C4F-4D06-A769-0EE643C133F8}.Debug|Any CPU.ActiveCfg = Debug|Any CPU
		{1E16CC4E-6C4F-4D06-A769-0EE643C133F8}.Debug|Any CPU.Build.0 = Debug|Any CPU
		{1E16CC4E-6C4F-4D06-A769-0EE643C133F8}.Debug|ARM.ActiveCfg = Debug|Any CPU
		{1E16CC4E-6C4F-4D06-A769-0EE643C133F8}.Debug|ARM.Build.0 = Debug|Any CPU
		{1E16CC4E-6C4F-4D06-A769-0EE643C133F8}.Debug|x64.ActiveCfg = Debug|Any CPU
		{1E16CC4E-6C4F-4D06-A769-0EE643C133F8}.Debug|x64.Build.0 = Debug|Any CPU
		{1E16CC4E-6C4F-4D06-A769-0EE643C133F8}.Debug|x86.ActiveCfg = Debug|Any CPU
		{1E16CC4E-6C4F-4D06-A769-0EE643C133F8}.Debug|x86.Build.0 = Debug|Any CPU
		{1E16CC4E-6C4F-4D06-A769-0EE643C133F8}.Release|Any CPU.ActiveCfg = Release|Any CPU
		{1E16CC4E-6C4F-4D06-A769-0EE643C133F8}.Release|Any CPU.Build.0 = Release|Any CPU
		{1E16CC4E-6C4F-4D06-A769-0EE643C133F8}.Release|ARM.ActiveCfg = Release|Any CPU
		{1E16CC4E-6C4F-4D06-A769-0EE643C133F8}.Release|ARM.Build.0 = Release|Any CPU
		{1E16CC4E-6C4F-4D06-A769-0EE643C133F8}.Release|x64.ActiveCfg = Release|Any CPU
		{1E16CC4E-6C4F-4D06-A769-0EE643C133F8}.Release|x64.Build.0 = Release|Any CPU
		{1E16CC4E-6C4F-4D06-A769-0EE643C133F8}.Release|x86.ActiveCfg = Release|Any CPU
		{1E16CC4E-6C4F-4D06-A769-0EE643C133F8}.Release|x86.Build.0 = Release|Any CPU
		{C7F2E7DF-3373-4927-B77C-BB1DA5EB2161}.Debug|Any CPU.ActiveCfg = Debug|Any CPU
		{C7F2E7DF-3373-4927-B77C-BB1DA5EB2161}.Debug|Any CPU.Build.0 = Debug|Any CPU
		{C7F2E7DF-3373-4927-B77C-BB1DA5EB2161}.Debug|ARM.ActiveCfg = Debug|Any CPU
		{C7F2E7DF-3373-4927-B77C-BB1DA5EB2161}.Debug|ARM.Build.0 = Debug|Any CPU
		{C7F2E7DF-3373-4927-B77C-BB1DA5EB2161}.Debug|x64.ActiveCfg = Debug|Any CPU
		{C7F2E7DF-3373-4927-B77C-BB1DA5EB2161}.Debug|x64.Build.0 = Debug|Any CPU
		{C7F2E7DF-3373-4927-B77C-BB1DA5EB2161}.Debug|x86.ActiveCfg = Debug|Any CPU
		{C7F2E7DF-3373-4927-B77C-BB1DA5EB2161}.Debug|x86.Build.0 = Debug|Any CPU
		{C7F2E7DF-3373-4927-B77C-BB1DA5EB2161}.Release|Any CPU.ActiveCfg = Release|Any CPU
		{C7F2E7DF-3373-4927-B77C-BB1DA5EB2161}.Release|Any CPU.Build.0 = Release|Any CPU
		{C7F2E7DF-3373-4927-B77C-BB1DA5EB2161}.Release|ARM.ActiveCfg = Release|Any CPU
		{C7F2E7DF-3373-4927-B77C-BB1DA5EB2161}.Release|ARM.Build.0 = Release|Any CPU
		{C7F2E7DF-3373-4927-B77C-BB1DA5EB2161}.Release|x64.ActiveCfg = Release|Any CPU
		{C7F2E7DF-3373-4927-B77C-BB1DA5EB2161}.Release|x64.Build.0 = Release|Any CPU
		{C7F2E7DF-3373-4927-B77C-BB1DA5EB2161}.Release|x86.ActiveCfg = Release|Any CPU
		{C7F2E7DF-3373-4927-B77C-BB1DA5EB2161}.Release|x86.Build.0 = Release|Any CPU
		{FE8BA693-2518-4497-931A-F1665E798EAD}.Debug|Any CPU.ActiveCfg = Debug|Any CPU
		{FE8BA693-2518-4497-931A-F1665E798EAD}.Debug|Any CPU.Build.0 = Debug|Any CPU
		{FE8BA693-2518-4497-931A-F1665E798EAD}.Debug|ARM.ActiveCfg = Debug|Any CPU
		{FE8BA693-2518-4497-931A-F1665E798EAD}.Debug|ARM.Build.0 = Debug|Any CPU
		{FE8BA693-2518-4497-931A-F1665E798EAD}.Debug|x64.ActiveCfg = Debug|Any CPU
		{FE8BA693-2518-4497-931A-F1665E798EAD}.Debug|x64.Build.0 = Debug|Any CPU
		{FE8BA693-2518-4497-931A-F1665E798EAD}.Debug|x86.ActiveCfg = Debug|Any CPU
		{FE8BA693-2518-4497-931A-F1665E798EAD}.Debug|x86.Build.0 = Debug|Any CPU
		{FE8BA693-2518-4497-931A-F1665E798EAD}.Release|Any CPU.ActiveCfg = Release|Any CPU
		{FE8BA693-2518-4497-931A-F1665E798EAD}.Release|Any CPU.Build.0 = Release|Any CPU
		{FE8BA693-2518-4497-931A-F1665E798EAD}.Release|ARM.ActiveCfg = Release|Any CPU
		{FE8BA693-2518-4497-931A-F1665E798EAD}.Release|ARM.Build.0 = Release|Any CPU
		{FE8BA693-2518-4497-931A-F1665E798EAD}.Release|x64.ActiveCfg = Release|Any CPU
		{FE8BA693-2518-4497-931A-F1665E798EAD}.Release|x64.Build.0 = Release|Any CPU
		{FE8BA693-2518-4497-931A-F1665E798EAD}.Release|x86.ActiveCfg = Release|Any CPU
		{FE8BA693-2518-4497-931A-F1665E798EAD}.Release|x86.Build.0 = Release|Any CPU
		{BB8CD52B-6E51-433D-B132-91A7C5CBEDC2}.Debug|Any CPU.ActiveCfg = Debug|Any CPU
		{BB8CD52B-6E51-433D-B132-91A7C5CBEDC2}.Debug|Any CPU.Build.0 = Debug|Any CPU
		{BB8CD52B-6E51-433D-B132-91A7C5CBEDC2}.Debug|ARM.ActiveCfg = Debug|Any CPU
		{BB8CD52B-6E51-433D-B132-91A7C5CBEDC2}.Debug|ARM.Build.0 = Debug|Any CPU
		{BB8CD52B-6E51-433D-B132-91A7C5CBEDC2}.Debug|x64.ActiveCfg = Debug|Any CPU
		{BB8CD52B-6E51-433D-B132-91A7C5CBEDC2}.Debug|x64.Build.0 = Debug|Any CPU
		{BB8CD52B-6E51-433D-B132-91A7C5CBEDC2}.Debug|x86.ActiveCfg = Debug|Any CPU
		{BB8CD52B-6E51-433D-B132-91A7C5CBEDC2}.Debug|x86.Build.0 = Debug|Any CPU
		{BB8CD52B-6E51-433D-B132-91A7C5CBEDC2}.Release|Any CPU.ActiveCfg = Release|Any CPU
		{BB8CD52B-6E51-433D-B132-91A7C5CBEDC2}.Release|Any CPU.Build.0 = Release|Any CPU
		{BB8CD52B-6E51-433D-B132-91A7C5CBEDC2}.Release|ARM.ActiveCfg = Release|Any CPU
		{BB8CD52B-6E51-433D-B132-91A7C5CBEDC2}.Release|ARM.Build.0 = Release|Any CPU
		{BB8CD52B-6E51-433D-B132-91A7C5CBEDC2}.Release|x64.ActiveCfg = Release|Any CPU
		{BB8CD52B-6E51-433D-B132-91A7C5CBEDC2}.Release|x64.Build.0 = Release|Any CPU
		{BB8CD52B-6E51-433D-B132-91A7C5CBEDC2}.Release|x86.ActiveCfg = Release|Any CPU
		{BB8CD52B-6E51-433D-B132-91A7C5CBEDC2}.Release|x86.Build.0 = Release|Any CPU
		{FE613FD8-6773-4903-8BD6-11EEB6D57210}.Debug|Any CPU.ActiveCfg = Debug|Any CPU
		{FE613FD8-6773-4903-8BD6-11EEB6D57210}.Debug|Any CPU.Build.0 = Debug|Any CPU
		{FE613FD8-6773-4903-8BD6-11EEB6D57210}.Debug|ARM.ActiveCfg = Debug|Any CPU
		{FE613FD8-6773-4903-8BD6-11EEB6D57210}.Debug|ARM.Build.0 = Debug|Any CPU
		{FE613FD8-6773-4903-8BD6-11EEB6D57210}.Debug|x64.ActiveCfg = Debug|Any CPU
		{FE613FD8-6773-4903-8BD6-11EEB6D57210}.Debug|x64.Build.0 = Debug|Any CPU
		{FE613FD8-6773-4903-8BD6-11EEB6D57210}.Debug|x86.ActiveCfg = Debug|Any CPU
		{FE613FD8-6773-4903-8BD6-11EEB6D57210}.Debug|x86.Build.0 = Debug|Any CPU
		{FE613FD8-6773-4903-8BD6-11EEB6D57210}.Release|Any CPU.ActiveCfg = Release|Any CPU
		{FE613FD8-6773-4903-8BD6-11EEB6D57210}.Release|Any CPU.Build.0 = Release|Any CPU
		{FE613FD8-6773-4903-8BD6-11EEB6D57210}.Release|ARM.ActiveCfg = Release|Any CPU
		{FE613FD8-6773-4903-8BD6-11EEB6D57210}.Release|ARM.Build.0 = Release|Any CPU
		{FE613FD8-6773-4903-8BD6-11EEB6D57210}.Release|x64.ActiveCfg = Release|Any CPU
		{FE613FD8-6773-4903-8BD6-11EEB6D57210}.Release|x64.Build.0 = Release|Any CPU
		{FE613FD8-6773-4903-8BD6-11EEB6D57210}.Release|x86.ActiveCfg = Release|Any CPU
		{FE613FD8-6773-4903-8BD6-11EEB6D57210}.Release|x86.Build.0 = Release|Any CPU
		{F417918C-C57F-4653-9A1A-9DAD829854BD}.Debug|Any CPU.ActiveCfg = Debug|Any CPU
		{F417918C-C57F-4653-9A1A-9DAD829854BD}.Debug|Any CPU.Build.0 = Debug|Any CPU
		{F417918C-C57F-4653-9A1A-9DAD829854BD}.Debug|ARM.ActiveCfg = Debug|Any CPU
		{F417918C-C57F-4653-9A1A-9DAD829854BD}.Debug|ARM.Build.0 = Debug|Any CPU
		{F417918C-C57F-4653-9A1A-9DAD829854BD}.Debug|x64.ActiveCfg = Debug|Any CPU
		{F417918C-C57F-4653-9A1A-9DAD829854BD}.Debug|x64.Build.0 = Debug|Any CPU
		{F417918C-C57F-4653-9A1A-9DAD829854BD}.Debug|x86.ActiveCfg = Debug|Any CPU
		{F417918C-C57F-4653-9A1A-9DAD829854BD}.Debug|x86.Build.0 = Debug|Any CPU
		{F417918C-C57F-4653-9A1A-9DAD829854BD}.Release|Any CPU.ActiveCfg = Release|Any CPU
		{F417918C-C57F-4653-9A1A-9DAD829854BD}.Release|Any CPU.Build.0 = Release|Any CPU
		{F417918C-C57F-4653-9A1A-9DAD829854BD}.Release|ARM.ActiveCfg = Release|Any CPU
		{F417918C-C57F-4653-9A1A-9DAD829854BD}.Release|ARM.Build.0 = Release|Any CPU
		{F417918C-C57F-4653-9A1A-9DAD829854BD}.Release|x64.ActiveCfg = Release|Any CPU
		{F417918C-C57F-4653-9A1A-9DAD829854BD}.Release|x64.Build.0 = Release|Any CPU
		{F417918C-C57F-4653-9A1A-9DAD829854BD}.Release|x86.ActiveCfg = Release|Any CPU
		{F417918C-C57F-4653-9A1A-9DAD829854BD}.Release|x86.Build.0 = Release|Any CPU
		{C8B3FAB1-53C1-468F-A42D-B1442045017C}.Debug|Any CPU.ActiveCfg = Debug|Any CPU
		{C8B3FAB1-53C1-468F-A42D-B1442045017C}.Debug|Any CPU.Build.0 = Debug|Any CPU
		{C8B3FAB1-53C1-468F-A42D-B1442045017C}.Debug|ARM.ActiveCfg = Debug|Any CPU
		{C8B3FAB1-53C1-468F-A42D-B1442045017C}.Debug|ARM.Build.0 = Debug|Any CPU
		{C8B3FAB1-53C1-468F-A42D-B1442045017C}.Debug|x64.ActiveCfg = Debug|Any CPU
		{C8B3FAB1-53C1-468F-A42D-B1442045017C}.Debug|x64.Build.0 = Debug|Any CPU
		{C8B3FAB1-53C1-468F-A42D-B1442045017C}.Debug|x86.ActiveCfg = Debug|Any CPU
		{C8B3FAB1-53C1-468F-A42D-B1442045017C}.Debug|x86.Build.0 = Debug|Any CPU
		{C8B3FAB1-53C1-468F-A42D-B1442045017C}.Release|Any CPU.ActiveCfg = Release|Any CPU
		{C8B3FAB1-53C1-468F-A42D-B1442045017C}.Release|Any CPU.Build.0 = Release|Any CPU
		{C8B3FAB1-53C1-468F-A42D-B1442045017C}.Release|ARM.ActiveCfg = Release|Any CPU
		{C8B3FAB1-53C1-468F-A42D-B1442045017C}.Release|ARM.Build.0 = Release|Any CPU
		{C8B3FAB1-53C1-468F-A42D-B1442045017C}.Release|x64.ActiveCfg = Release|Any CPU
		{C8B3FAB1-53C1-468F-A42D-B1442045017C}.Release|x64.Build.0 = Release|Any CPU
		{C8B3FAB1-53C1-468F-A42D-B1442045017C}.Release|x86.ActiveCfg = Release|Any CPU
		{C8B3FAB1-53C1-468F-A42D-B1442045017C}.Release|x86.Build.0 = Release|Any CPU
	EndGlobalSection
	GlobalSection(SolutionProperties) = preSolution
		HideSolutionNode = FALSE
	EndGlobalSection
	GlobalSection(NestedProjects) = preSolution
		{8C3710FE-B6C7-4261-81B6-897F4B286B2B} = {58F62039-8645-499C-B264-66048F4F0F75}
		{6AB7A187-7F1A-4BE9-A4A0-132F00D06F00} = {4412C6EA-F923-422A-B025-DEB25BD3AA69}
		{4412C6EA-F923-422A-B025-DEB25BD3AA69} = {58F62039-8645-499C-B264-66048F4F0F75}
		{1E16CC4E-6C4F-4D06-A769-0EE643C133F8} = {4412C6EA-F923-422A-B025-DEB25BD3AA69}
		{C7F2E7DF-3373-4927-B77C-BB1DA5EB2161} = {4412C6EA-F923-422A-B025-DEB25BD3AA69}
		{FE8BA693-2518-4497-931A-F1665E798EAD} = {4412C6EA-F923-422A-B025-DEB25BD3AA69}
		{BB8CD52B-6E51-433D-B132-91A7C5CBEDC2} = {8C3710FE-B6C7-4261-81B6-897F4B286B2B}
		{FE613FD8-6773-4903-8BD6-11EEB6D57210} = {8C3710FE-B6C7-4261-81B6-897F4B286B2B}
		{F417918C-C57F-4653-9A1A-9DAD829854BD} = {8C3710FE-B6C7-4261-81B6-897F4B286B2B}
		{C8B3FAB1-53C1-468F-A42D-B1442045017C} = {8C3710FE-B6C7-4261-81B6-897F4B286B2B}
	EndGlobalSection
	GlobalSection(ExtensibilityGlobals) = postSolution
		EnterpriseLibraryConfigurationToolBinariesPath = packages\Unity.2.1.505.0\lib\NET35;..\lib\Unity.2.1.505.0\lib\NET35;..\lib\Unity.2.1.505.2\lib\NET35
		SolutionGuid = {B4C37A2D-FBE4-48F0-9452-85EB01593F6C}
	EndGlobalSection
	GlobalSection(DPCodeReviewSolutionGUID) = preSolution
		DPCodeReviewSolutionGUID = {00000000-0000-0000-0000-000000000000}
	EndGlobalSection
EndGlobal
