
Microsoft Visual Studio Solution File, Format Version 12.00
# Visual Studio 15
VisualStudioVersion = 15.0.26430.14
MinimumVisualStudioVersion = 10.0.40219.1
Project("{2150E333-8FDC-42A3-9474-1A3956D46DE8}") = "src", "src", "{58F62039-8645-499C-B264-66048F4F0F75}"
EndProject
Project("{2150E333-8FDC-42A3-9474-1A3956D46DE8}") = "Catel.Core", "Catel.Core", "{3F661942-9946-4292-9FE7-6B576782D5F9}"
EndProject
Project("{2150E333-8FDC-42A3-9474-1A3956D46DE8}") = "Catel.MVVM", "Catel.MVVM", "{162DE45B-B7A2-4D4A-B90D-F1762133C31C}"
EndProject
Project("{2150E333-8FDC-42A3-9474-1A3956D46DE8}") = "Tests", "Tests", "{8C3710FE-B6C7-4261-81B6-897F4B286B2B}"
EndProject
Project("{FAE04EC0-301F-11D3-BF4B-00C04F79EFBC}") = "Catel.Core.NET45", "Catel.Core\Catel.Core.NET45\Catel.Core.NET45.csproj", "{D748BE60-BAD6-4D1B-BE5A-C24943A56594}"
EndProject
Project("{FAE04EC0-301F-11D3-BF4B-00C04F79EFBC}") = "Catel.Test.NET45", "Catel.Test\Catel.Test.NET45\Catel.Test.NET45.csproj", "{6AEA0DEC-BAF6-4FDE-98F1-B17121E0D45C}"
EndProject
Project("{FAE04EC0-301F-11D3-BF4B-00C04F79EFBC}") = "Catel.MVVM.NET45", "Catel.MVVM\Catel.MVVM.NET45\Catel.MVVM.NET45.csproj", "{BEDEB2CB-51AB-4AF6-85F9-6A596B4603BB}"
EndProject
Project("{FAE04EC0-301F-11D3-BF4B-00C04F79EFBC}") = "Catel.Core.Xamarin.Android", "Catel.Core\Catel.Core.Xamarin.Android\Catel.Core.Xamarin.Android.csproj", "{F8073034-CE6C-41AD-9852-7AEECE9536CC}"
EndProject
Project("{FAE04EC0-301F-11D3-BF4B-00C04F79EFBC}") = "Catel.MVVM.Xamarin.Android", "Catel.MVVM\Catel.MVVM.Xamarin.Android\Catel.MVVM.Xamarin.Android.csproj", "{786D0298-2117-4B96-838D-C0E9458D06C2}"
EndProject
Project("{D954291E-2A0B-460D-934E-DC6B0785DB48}") = "Catel.Core.Shared", "Catel.Core\Catel.Core.Shared\Catel.Core.Shared.shproj", "{3743A304-3EE5-4909-BFEC-988D59D1B33A}"
EndProject
Project("{D954291E-2A0B-460D-934E-DC6B0785DB48}") = "Catel.Test.Shared", "Catel.Test\Catel.Test.Shared\Catel.Test.Shared.shproj", "{84191838-C476-4E1A-9129-07D8C906674A}"
EndProject
Project("{D954291E-2A0B-460D-934E-DC6B0785DB48}") = "Catel.MVVM.Shared", "Catel.MVVM\Catel.MVVM.Shared\Catel.MVVM.Shared.shproj", "{8C7EAB82-554B-4761-B67E-7E9B9A306914}"
EndProject
Project("{FAE04EC0-301F-11D3-BF4B-00C04F79EFBC}") = "Catel.Core.PCL", "Catel.Core\Catel.Core.PCL\Catel.Core.PCL.csproj", "{C35D5DC5-7149-4E56-9F0C-90D8F6A1C495}"
EndProject
Project("{FAE04EC0-301F-11D3-BF4B-00C04F79EFBC}") = "Catel.Core.NET46", "Catel.Core\Catel.Core.NET46\Catel.Core.NET46.csproj", "{2CC3B8F3-626E-4A7B-ADC5-A25E28DC219E}"
EndProject
Project("{2150E333-8FDC-42A3-9474-1A3956D46DE8}") = "Catel.Serialization.Json", "Catel.Serialization.Json", "{85BEBC4F-4020-4045-945B-B8F6F732FC6E}"
EndProject
Project("{2150E333-8FDC-42A3-9474-1A3956D46DE8}") = "Catel.Serialization.Yaml", "Catel.Serialization.Yaml", "{E3580D73-CCCC-4956-8BCD-6F4F9B58310D}"
EndProject
Project("{D954291E-2A0B-460D-934E-DC6B0785DB48}") = "Catel.Serialization.Json.Shared", "Catel.Serialization.Json\Catel.Serialization.Json.Shared\Catel.Serialization.Json.Shared.shproj", "{E686A62C-2E03-40A2-8BE6-BDF6D5F19A71}"
EndProject
Project("{FAE04EC0-301F-11D3-BF4B-00C04F79EFBC}") = "Catel.Serialization.Json.NET45", "Catel.Serialization.Json\Catel.Serialization.Json.NET45\Catel.Serialization.Json.NET45.csproj", "{7C69650F-08C8-494C-857F-43B29A4BB20C}"
EndProject
Project("{FAE04EC0-301F-11D3-BF4B-00C04F79EFBC}") = "Catel.Serialization.Json.PCL", "Catel.Serialization.Json\Catel.Serialization.Json.PCL\Catel.Serialization.Json.PCL.csproj", "{5A6CF7D5-9BBC-44B5-8A73-2146D03C3C1E}"
EndProject
Project("{FAE04EC0-301F-11D3-BF4B-00C04F79EFBC}") = "Catel.Serialization.Json.Xamarin.Android", "Catel.Serialization.Json\Catel.Serialization.Json.Xamarin.Android\Catel.Serialization.Json.Xamarin.Android.csproj", "{56A6CCBA-FD9F-48E9-9D1C-DC5D92A0F9F9}"
EndProject
Project("{FAE04EC0-301F-11D3-BF4B-00C04F79EFBC}") = "Catel.MVVM.NET46", "Catel.MVVM\Catel.MVVM.NET46\Catel.MVVM.NET46.csproj", "{461E63D9-FD22-49BF-94ED-AF5AC870C348}"
EndProject
Project("{FAE04EC0-301F-11D3-BF4B-00C04F79EFBC}") = "Catel.Serialization.Json.NET46", "Catel.Serialization.Json\Catel.Serialization.Json.NET46\Catel.Serialization.Json.NET46.csproj", "{97E093E6-1CF9-4CFF-9201-540A7681BC12}"
EndProject
Project("{FAE04EC0-301F-11D3-BF4B-00C04F79EFBC}") = "Catel.Core.UWP", "Catel.Core\Catel.Core.UWP\Catel.Core.UWP.csproj", "{FC00C799-175F-42EC-A481-24A06CF20508}"
EndProject
Project("{FAE04EC0-301F-11D3-BF4B-00C04F79EFBC}") = "Catel.MVVM.UWP", "Catel.MVVM\Catel.MVVM.UWP\Catel.MVVM.UWP.csproj", "{A23A4481-2432-4743-89A1-6A8F359772A7}"
EndProject
Project("{FAE04EC0-301F-11D3-BF4B-00C04F79EFBC}") = "Catel.Serialization.Json.UWP", "Catel.Serialization.Json\Catel.Serialization.Json.UWP\Catel.Serialization.Json.UWP.csproj", "{917AF08F-4BD5-468A-BDB0-4C0ECDAD71EC}"
EndProject
Project("{FAE04EC0-301F-11D3-BF4B-00C04F79EFBC}") = "Catel.MVVM.Xamarin.Forms", "Catel.MVVM\Catel.MVVM.Xamarin.Forms\Catel.MVVM.Xamarin.Forms.csproj", "{E0D994CA-D553-4009-A159-33542A16C4D0}"
EndProject
Project("{FAE04EC0-301F-11D3-BF4B-00C04F79EFBC}") = "Catel.Core.NET47", "Catel.Core\Catel.Core.NET47\Catel.Core.NET47.csproj", "{77C9202E-B477-446D-AFDF-F8AE922F83CC}"
EndProject
Project("{FAE04EC0-301F-11D3-BF4B-00C04F79EFBC}") = "Catel.MVVM.NET47", "Catel.MVVM\Catel.MVVM.NET47\Catel.MVVM.NET47.csproj", "{EC29D7E3-3A47-4ECF-9107-AEBFDEB1F1A5}"
EndProject
Project("{FAE04EC0-301F-11D3-BF4B-00C04F79EFBC}") = "Catel.Serialization.Json.NET47", "Catel.Serialization.Json\Catel.Serialization.Json.NET47\Catel.Serialization.Json.NET47.csproj", "{10B3AA18-86BB-40A8-BB0B-43EFDB022403}"
EndProject
Global
	GlobalSection(SharedMSBuildProjectFiles) = preSolution
		Catel.Serialization.Json\Catel.Serialization.Json.Shared\Catel.Serialization.Json.Shared.projitems*{10b3aa18-86bb-40a8-bb0b-43efdb022403}*SharedItemsImports = 4
		Catel.Core\Catel.Core.Shared\Catel.Core.Shared.projitems*{2cc3b8f3-626e-4a7b-adc5-a25e28dc219e}*SharedItemsImports = 4
		Catel.Core\Catel.Core.Shared\Catel.Core.Shared.projitems*{3743a304-3ee5-4909-bfec-988d59d1b33a}*SharedItemsImports = 13
		Catel.MVVM\Catel.MVVM.Shared\Catel.MVVM.Shared.projitems*{461e63d9-fd22-49bf-94ed-af5ac870c348}*SharedItemsImports = 4
		Catel.Serialization.Json\Catel.Serialization.Json.Shared\Catel.Serialization.Json.Shared.projitems*{56a6ccba-fd9f-48e9-9d1c-dc5d92a0f9f9}*SharedItemsImports = 4
		Catel.Serialization.Json\Catel.Serialization.Json.Shared\Catel.Serialization.Json.Shared.projitems*{5a6cf7d5-9bbc-44b5-8a73-2146d03c3c1e}*SharedItemsImports = 4
		Catel.Test\Catel.Test.Shared\Catel.Test.Shared.projitems*{6aea0dec-baf6-4fde-98f1-b17121e0d45c}*SharedItemsImports = 4
		Catel.Core\Catel.Core.Shared\Catel.Core.Shared.projitems*{77c9202e-b477-446d-afdf-f8ae922f83cc}*SharedItemsImports = 4
		Catel.MVVM\Catel.MVVM.Shared\Catel.MVVM.Shared.projitems*{786d0298-2117-4b96-838d-c0e9458d06c2}*SharedItemsImports = 4
		Catel.Serialization.Json\Catel.Serialization.Json.Shared\Catel.Serialization.Json.Shared.projitems*{7c69650f-08c8-494c-857f-43b29a4bb20c}*SharedItemsImports = 4
		Catel.Test\Catel.Test.Shared\Catel.Test.Shared.projitems*{84191838-c476-4e1a-9129-07d8c906674a}*SharedItemsImports = 13
		Catel.MVVM\Catel.MVVM.Shared\Catel.MVVM.Shared.projitems*{8c7eab82-554b-4761-b67e-7e9b9a306914}*SharedItemsImports = 13
		Catel.Serialization.Json\Catel.Serialization.Json.Shared\Catel.Serialization.Json.Shared.projitems*{917af08f-4bd5-468a-bdb0-4c0ecdad71ec}*SharedItemsImports = 4
		Catel.Serialization.Json\Catel.Serialization.Json.Shared\Catel.Serialization.Json.Shared.projitems*{97e093e6-1cf9-4cff-9201-540a7681bc12}*SharedItemsImports = 4
		Catel.MVVM\Catel.MVVM.Shared\Catel.MVVM.Shared.projitems*{a23a4481-2432-4743-89a1-6a8f359772a7}*SharedItemsImports = 4
		Catel.MVVM\Catel.MVVM.Shared\Catel.MVVM.Shared.projitems*{bedeb2cb-51ab-4af6-85f9-6a596b4603bb}*SharedItemsImports = 4
		Catel.Core\Catel.Core.Shared\Catel.Core.Shared.projitems*{c35d5dc5-7149-4e56-9f0c-90d8f6a1c495}*SharedItemsImports = 4
		Catel.Core\Catel.Core.Shared\Catel.Core.Shared.projitems*{d748be60-bad6-4d1b-be5a-c24943a56594}*SharedItemsImports = 4
		Catel.MVVM\Catel.MVVM.Shared\Catel.MVVM.Shared.projitems*{e0d994ca-d553-4009-a159-33542a16c4d0}*SharedItemsImports = 4
		Catel.Serialization.Json\Catel.Serialization.Json.Shared\Catel.Serialization.Json.Shared.projitems*{e686a62c-2e03-40a2-8be6-bdf6d5f19a71}*SharedItemsImports = 13
		Catel.MVVM\Catel.MVVM.Shared\Catel.MVVM.Shared.projitems*{ec29d7e3-3a47-4ecf-9107-aebfdeb1f1a5}*SharedItemsImports = 4
		Catel.Core\Catel.Core.Shared\Catel.Core.Shared.projitems*{f8073034-ce6c-41ad-9852-7aeece9536cc}*SharedItemsImports = 4
		Catel.Core\Catel.Core.Shared\Catel.Core.Shared.projitems*{fc00c799-175f-42ec-a481-24a06cf20508}*SharedItemsImports = 4
	EndGlobalSection
	GlobalSection(SolutionConfigurationPlatforms) = preSolution
		Debug|Any CPU = Debug|Any CPU
		Debug|ARM = Debug|ARM
		Debug|x64 = Debug|x64
		Debug|x86 = Debug|x86
		Release|Any CPU = Release|Any CPU
		Release|ARM = Release|ARM
		Release|x64 = Release|x64
		Release|x86 = Release|x86
	EndGlobalSection
	GlobalSection(ProjectConfigurationPlatforms) = postSolution
		{D748BE60-BAD6-4D1B-BE5A-C24943A56594}.Debug|Any CPU.ActiveCfg = Debug|Any CPU
		{D748BE60-BAD6-4D1B-BE5A-C24943A56594}.Debug|Any CPU.Build.0 = Debug|Any CPU
		{D748BE60-BAD6-4D1B-BE5A-C24943A56594}.Debug|ARM.ActiveCfg = Debug|Any CPU
		{D748BE60-BAD6-4D1B-BE5A-C24943A56594}.Debug|x64.ActiveCfg = Debug|Any CPU
		{D748BE60-BAD6-4D1B-BE5A-C24943A56594}.Debug|x86.ActiveCfg = Debug|Any CPU
		{D748BE60-BAD6-4D1B-BE5A-C24943A56594}.Release|Any CPU.ActiveCfg = Release|Any CPU
		{D748BE60-BAD6-4D1B-BE5A-C24943A56594}.Release|Any CPU.Build.0 = Release|Any CPU
		{D748BE60-BAD6-4D1B-BE5A-C24943A56594}.Release|ARM.ActiveCfg = Release|Any CPU
		{D748BE60-BAD6-4D1B-BE5A-C24943A56594}.Release|x64.ActiveCfg = Release|Any CPU
		{D748BE60-BAD6-4D1B-BE5A-C24943A56594}.Release|x86.ActiveCfg = Release|Any CPU
		{6AEA0DEC-BAF6-4FDE-98F1-B17121E0D45C}.Debug|Any CPU.ActiveCfg = Debug|Any CPU
		{6AEA0DEC-BAF6-4FDE-98F1-B17121E0D45C}.Debug|Any CPU.Build.0 = Debug|Any CPU
		{6AEA0DEC-BAF6-4FDE-98F1-B17121E0D45C}.Debug|ARM.ActiveCfg = Debug|Any CPU
		{6AEA0DEC-BAF6-4FDE-98F1-B17121E0D45C}.Debug|x64.ActiveCfg = Debug|Any CPU
		{6AEA0DEC-BAF6-4FDE-98F1-B17121E0D45C}.Debug|x86.ActiveCfg = Debug|Any CPU
		{6AEA0DEC-BAF6-4FDE-98F1-B17121E0D45C}.Release|Any CPU.ActiveCfg = Release|Any CPU
		{6AEA0DEC-BAF6-4FDE-98F1-B17121E0D45C}.Release|Any CPU.Build.0 = Release|Any CPU
		{6AEA0DEC-BAF6-4FDE-98F1-B17121E0D45C}.Release|ARM.ActiveCfg = Release|Any CPU
		{6AEA0DEC-BAF6-4FDE-98F1-B17121E0D45C}.Release|x64.ActiveCfg = Release|Any CPU
		{6AEA0DEC-BAF6-4FDE-98F1-B17121E0D45C}.Release|x86.ActiveCfg = Release|Any CPU
		{BEDEB2CB-51AB-4AF6-85F9-6A596B4603BB}.Debug|Any CPU.ActiveCfg = Debug|Any CPU
		{BEDEB2CB-51AB-4AF6-85F9-6A596B4603BB}.Debug|Any CPU.Build.0 = Debug|Any CPU
		{BEDEB2CB-51AB-4AF6-85F9-6A596B4603BB}.Debug|ARM.ActiveCfg = Debug|Any CPU
		{BEDEB2CB-51AB-4AF6-85F9-6A596B4603BB}.Debug|x64.ActiveCfg = Debug|Any CPU
		{BEDEB2CB-51AB-4AF6-85F9-6A596B4603BB}.Debug|x86.ActiveCfg = Debug|Any CPU
		{BEDEB2CB-51AB-4AF6-85F9-6A596B4603BB}.Release|Any CPU.ActiveCfg = Release|Any CPU
		{BEDEB2CB-51AB-4AF6-85F9-6A596B4603BB}.Release|Any CPU.Build.0 = Release|Any CPU
		{BEDEB2CB-51AB-4AF6-85F9-6A596B4603BB}.Release|ARM.ActiveCfg = Release|Any CPU
		{BEDEB2CB-51AB-4AF6-85F9-6A596B4603BB}.Release|x64.ActiveCfg = Release|Any CPU
		{BEDEB2CB-51AB-4AF6-85F9-6A596B4603BB}.Release|x86.ActiveCfg = Release|Any CPU
		{F8073034-CE6C-41AD-9852-7AEECE9536CC}.Debug|Any CPU.ActiveCfg = Debug|Any CPU
		{F8073034-CE6C-41AD-9852-7AEECE9536CC}.Debug|Any CPU.Build.0 = Debug|Any CPU
		{F8073034-CE6C-41AD-9852-7AEECE9536CC}.Debug|ARM.ActiveCfg = Debug|Any CPU
		{F8073034-CE6C-41AD-9852-7AEECE9536CC}.Debug|x64.ActiveCfg = Debug|Any CPU
		{F8073034-CE6C-41AD-9852-7AEECE9536CC}.Debug|x86.ActiveCfg = Debug|Any CPU
		{F8073034-CE6C-41AD-9852-7AEECE9536CC}.Release|Any CPU.ActiveCfg = Release|Any CPU
		{F8073034-CE6C-41AD-9852-7AEECE9536CC}.Release|Any CPU.Build.0 = Release|Any CPU
		{F8073034-CE6C-41AD-9852-7AEECE9536CC}.Release|ARM.ActiveCfg = Release|Any CPU
		{F8073034-CE6C-41AD-9852-7AEECE9536CC}.Release|x64.ActiveCfg = Release|Any CPU
		{F8073034-CE6C-41AD-9852-7AEECE9536CC}.Release|x86.ActiveCfg = Release|Any CPU
		{786D0298-2117-4B96-838D-C0E9458D06C2}.Debug|Any CPU.ActiveCfg = Debug|Any CPU
		{786D0298-2117-4B96-838D-C0E9458D06C2}.Debug|Any CPU.Build.0 = Debug|Any CPU
		{786D0298-2117-4B96-838D-C0E9458D06C2}.Debug|ARM.ActiveCfg = Debug|Any CPU
		{786D0298-2117-4B96-838D-C0E9458D06C2}.Debug|x64.ActiveCfg = Debug|Any CPU
		{786D0298-2117-4B96-838D-C0E9458D06C2}.Debug|x86.ActiveCfg = Debug|Any CPU
		{786D0298-2117-4B96-838D-C0E9458D06C2}.Release|Any CPU.ActiveCfg = Release|Any CPU
		{786D0298-2117-4B96-838D-C0E9458D06C2}.Release|Any CPU.Build.0 = Release|Any CPU
		{786D0298-2117-4B96-838D-C0E9458D06C2}.Release|ARM.ActiveCfg = Release|Any CPU
		{786D0298-2117-4B96-838D-C0E9458D06C2}.Release|x64.ActiveCfg = Release|Any CPU
		{786D0298-2117-4B96-838D-C0E9458D06C2}.Release|x86.ActiveCfg = Release|Any CPU
		{C35D5DC5-7149-4E56-9F0C-90D8F6A1C495}.Debug|Any CPU.ActiveCfg = Debug|Any CPU
		{C35D5DC5-7149-4E56-9F0C-90D8F6A1C495}.Debug|Any CPU.Build.0 = Debug|Any CPU
		{C35D5DC5-7149-4E56-9F0C-90D8F6A1C495}.Debug|ARM.ActiveCfg = Debug|Any CPU
		{C35D5DC5-7149-4E56-9F0C-90D8F6A1C495}.Debug|x64.ActiveCfg = Debug|Any CPU
		{C35D5DC5-7149-4E56-9F0C-90D8F6A1C495}.Debug|x86.ActiveCfg = Debug|Any CPU
		{C35D5DC5-7149-4E56-9F0C-90D8F6A1C495}.Release|Any CPU.ActiveCfg = Release|Any CPU
		{C35D5DC5-7149-4E56-9F0C-90D8F6A1C495}.Release|Any CPU.Build.0 = Release|Any CPU
		{C35D5DC5-7149-4E56-9F0C-90D8F6A1C495}.Release|ARM.ActiveCfg = Release|Any CPU
		{C35D5DC5-7149-4E56-9F0C-90D8F6A1C495}.Release|x64.ActiveCfg = Release|Any CPU
		{C35D5DC5-7149-4E56-9F0C-90D8F6A1C495}.Release|x86.ActiveCfg = Release|Any CPU
		{2CC3B8F3-626E-4A7B-ADC5-A25E28DC219E}.Debug|Any CPU.ActiveCfg = Debug|Any CPU
		{2CC3B8F3-626E-4A7B-ADC5-A25E28DC219E}.Debug|Any CPU.Build.0 = Debug|Any CPU
		{2CC3B8F3-626E-4A7B-ADC5-A25E28DC219E}.Debug|ARM.ActiveCfg = Debug|Any CPU
		{2CC3B8F3-626E-4A7B-ADC5-A25E28DC219E}.Debug|ARM.Build.0 = Debug|Any CPU
		{2CC3B8F3-626E-4A7B-ADC5-A25E28DC219E}.Debug|x64.ActiveCfg = Debug|Any CPU
		{2CC3B8F3-626E-4A7B-ADC5-A25E28DC219E}.Debug|x64.Build.0 = Debug|Any CPU
		{2CC3B8F3-626E-4A7B-ADC5-A25E28DC219E}.Debug|x86.ActiveCfg = Debug|Any CPU
		{2CC3B8F3-626E-4A7B-ADC5-A25E28DC219E}.Debug|x86.Build.0 = Debug|Any CPU
		{2CC3B8F3-626E-4A7B-ADC5-A25E28DC219E}.Release|Any CPU.ActiveCfg = Release|Any CPU
		{2CC3B8F3-626E-4A7B-ADC5-A25E28DC219E}.Release|Any CPU.Build.0 = Release|Any CPU
		{2CC3B8F3-626E-4A7B-ADC5-A25E28DC219E}.Release|ARM.ActiveCfg = Release|Any CPU
		{2CC3B8F3-626E-4A7B-ADC5-A25E28DC219E}.Release|ARM.Build.0 = Release|Any CPU
		{2CC3B8F3-626E-4A7B-ADC5-A25E28DC219E}.Release|x64.ActiveCfg = Release|Any CPU
		{2CC3B8F3-626E-4A7B-ADC5-A25E28DC219E}.Release|x64.Build.0 = Release|Any CPU
		{2CC3B8F3-626E-4A7B-ADC5-A25E28DC219E}.Release|x86.ActiveCfg = Release|Any CPU
		{2CC3B8F3-626E-4A7B-ADC5-A25E28DC219E}.Release|x86.Build.0 = Release|Any CPU
		{7C69650F-08C8-494C-857F-43B29A4BB20C}.Debug|Any CPU.ActiveCfg = Debug|Any CPU
		{7C69650F-08C8-494C-857F-43B29A4BB20C}.Debug|Any CPU.Build.0 = Debug|Any CPU
		{7C69650F-08C8-494C-857F-43B29A4BB20C}.Debug|ARM.ActiveCfg = Debug|Any CPU
		{7C69650F-08C8-494C-857F-43B29A4BB20C}.Debug|x64.ActiveCfg = Debug|Any CPU
		{7C69650F-08C8-494C-857F-43B29A4BB20C}.Debug|x86.ActiveCfg = Debug|Any CPU
		{7C69650F-08C8-494C-857F-43B29A4BB20C}.Release|Any CPU.ActiveCfg = Release|Any CPU
		{7C69650F-08C8-494C-857F-43B29A4BB20C}.Release|Any CPU.Build.0 = Release|Any CPU
		{7C69650F-08C8-494C-857F-43B29A4BB20C}.Release|ARM.ActiveCfg = Release|Any CPU
		{7C69650F-08C8-494C-857F-43B29A4BB20C}.Release|x64.ActiveCfg = Release|Any CPU
		{7C69650F-08C8-494C-857F-43B29A4BB20C}.Release|x86.ActiveCfg = Release|Any CPU
		{5A6CF7D5-9BBC-44B5-8A73-2146D03C3C1E}.Debug|Any CPU.ActiveCfg = Debug|Any CPU
		{5A6CF7D5-9BBC-44B5-8A73-2146D03C3C1E}.Debug|Any CPU.Build.0 = Debug|Any CPU
		{5A6CF7D5-9BBC-44B5-8A73-2146D03C3C1E}.Debug|ARM.ActiveCfg = Debug|Any CPU
		{5A6CF7D5-9BBC-44B5-8A73-2146D03C3C1E}.Debug|x64.ActiveCfg = Debug|Any CPU
		{5A6CF7D5-9BBC-44B5-8A73-2146D03C3C1E}.Debug|x86.ActiveCfg = Debug|Any CPU
		{5A6CF7D5-9BBC-44B5-8A73-2146D03C3C1E}.Release|Any CPU.ActiveCfg = Release|Any CPU
		{5A6CF7D5-9BBC-44B5-8A73-2146D03C3C1E}.Release|Any CPU.Build.0 = Release|Any CPU
		{5A6CF7D5-9BBC-44B5-8A73-2146D03C3C1E}.Release|ARM.ActiveCfg = Release|Any CPU
		{5A6CF7D5-9BBC-44B5-8A73-2146D03C3C1E}.Release|x64.ActiveCfg = Release|Any CPU
		{5A6CF7D5-9BBC-44B5-8A73-2146D03C3C1E}.Release|x86.ActiveCfg = Release|Any CPU
		{56A6CCBA-FD9F-48E9-9D1C-DC5D92A0F9F9}.Debug|Any CPU.ActiveCfg = Debug|Any CPU
		{56A6CCBA-FD9F-48E9-9D1C-DC5D92A0F9F9}.Debug|Any CPU.Build.0 = Debug|Any CPU
		{56A6CCBA-FD9F-48E9-9D1C-DC5D92A0F9F9}.Debug|ARM.ActiveCfg = Debug|Any CPU
		{56A6CCBA-FD9F-48E9-9D1C-DC5D92A0F9F9}.Debug|x64.ActiveCfg = Debug|Any CPU
		{56A6CCBA-FD9F-48E9-9D1C-DC5D92A0F9F9}.Debug|x86.ActiveCfg = Debug|Any CPU
		{56A6CCBA-FD9F-48E9-9D1C-DC5D92A0F9F9}.Release|Any CPU.ActiveCfg = Release|Any CPU
		{56A6CCBA-FD9F-48E9-9D1C-DC5D92A0F9F9}.Release|Any CPU.Build.0 = Release|Any CPU
		{56A6CCBA-FD9F-48E9-9D1C-DC5D92A0F9F9}.Release|ARM.ActiveCfg = Release|Any CPU
		{56A6CCBA-FD9F-48E9-9D1C-DC5D92A0F9F9}.Release|x64.ActiveCfg = Release|Any CPU
		{56A6CCBA-FD9F-48E9-9D1C-DC5D92A0F9F9}.Release|x86.ActiveCfg = Release|Any CPU
		{461E63D9-FD22-49BF-94ED-AF5AC870C348}.Debug|Any CPU.ActiveCfg = Debug|Any CPU
		{461E63D9-FD22-49BF-94ED-AF5AC870C348}.Debug|Any CPU.Build.0 = Debug|Any CPU
		{461E63D9-FD22-49BF-94ED-AF5AC870C348}.Debug|ARM.ActiveCfg = Debug|Any CPU
		{461E63D9-FD22-49BF-94ED-AF5AC870C348}.Debug|ARM.Build.0 = Debug|Any CPU
		{461E63D9-FD22-49BF-94ED-AF5AC870C348}.Debug|x64.ActiveCfg = Debug|Any CPU
		{461E63D9-FD22-49BF-94ED-AF5AC870C348}.Debug|x64.Build.0 = Debug|Any CPU
		{461E63D9-FD22-49BF-94ED-AF5AC870C348}.Debug|x86.ActiveCfg = Debug|Any CPU
		{461E63D9-FD22-49BF-94ED-AF5AC870C348}.Debug|x86.Build.0 = Debug|Any CPU
		{461E63D9-FD22-49BF-94ED-AF5AC870C348}.Release|Any CPU.ActiveCfg = Release|Any CPU
		{461E63D9-FD22-49BF-94ED-AF5AC870C348}.Release|Any CPU.Build.0 = Release|Any CPU
		{461E63D9-FD22-49BF-94ED-AF5AC870C348}.Release|ARM.ActiveCfg = Release|Any CPU
		{461E63D9-FD22-49BF-94ED-AF5AC870C348}.Release|ARM.Build.0 = Release|Any CPU
		{461E63D9-FD22-49BF-94ED-AF5AC870C348}.Release|x64.ActiveCfg = Release|Any CPU
		{461E63D9-FD22-49BF-94ED-AF5AC870C348}.Release|x64.Build.0 = Release|Any CPU
		{461E63D9-FD22-49BF-94ED-AF5AC870C348}.Release|x86.ActiveCfg = Release|Any CPU
		{461E63D9-FD22-49BF-94ED-AF5AC870C348}.Release|x86.Build.0 = Release|Any CPU
		{97E093E6-1CF9-4CFF-9201-540A7681BC12}.Debug|Any CPU.ActiveCfg = Debug|Any CPU
		{97E093E6-1CF9-4CFF-9201-540A7681BC12}.Debug|Any CPU.Build.0 = Debug|Any CPU
		{97E093E6-1CF9-4CFF-9201-540A7681BC12}.Debug|ARM.ActiveCfg = Debug|Any CPU
		{97E093E6-1CF9-4CFF-9201-540A7681BC12}.Debug|ARM.Build.0 = Debug|Any CPU
		{97E093E6-1CF9-4CFF-9201-540A7681BC12}.Debug|x64.ActiveCfg = Debug|Any CPU
		{97E093E6-1CF9-4CFF-9201-540A7681BC12}.Debug|x64.Build.0 = Debug|Any CPU
		{97E093E6-1CF9-4CFF-9201-540A7681BC12}.Debug|x86.ActiveCfg = Debug|Any CPU
		{97E093E6-1CF9-4CFF-9201-540A7681BC12}.Debug|x86.Build.0 = Debug|Any CPU
		{97E093E6-1CF9-4CFF-9201-540A7681BC12}.Release|Any CPU.ActiveCfg = Release|Any CPU
		{97E093E6-1CF9-4CFF-9201-540A7681BC12}.Release|Any CPU.Build.0 = Release|Any CPU
		{97E093E6-1CF9-4CFF-9201-540A7681BC12}.Release|ARM.ActiveCfg = Release|Any CPU
		{97E093E6-1CF9-4CFF-9201-540A7681BC12}.Release|ARM.Build.0 = Release|Any CPU
		{97E093E6-1CF9-4CFF-9201-540A7681BC12}.Release|x64.ActiveCfg = Release|Any CPU
		{97E093E6-1CF9-4CFF-9201-540A7681BC12}.Release|x64.Build.0 = Release|Any CPU
		{97E093E6-1CF9-4CFF-9201-540A7681BC12}.Release|x86.ActiveCfg = Release|Any CPU
		{97E093E6-1CF9-4CFF-9201-540A7681BC12}.Release|x86.Build.0 = Release|Any CPU
		{FC00C799-175F-42EC-A481-24A06CF20508}.Debug|Any CPU.ActiveCfg = Debug|Any CPU
		{FC00C799-175F-42EC-A481-24A06CF20508}.Debug|Any CPU.Build.0 = Debug|Any CPU
		{FC00C799-175F-42EC-A481-24A06CF20508}.Debug|ARM.ActiveCfg = Debug|ARM
		{FC00C799-175F-42EC-A481-24A06CF20508}.Debug|ARM.Build.0 = Debug|ARM
		{FC00C799-175F-42EC-A481-24A06CF20508}.Debug|x64.ActiveCfg = Debug|x64
		{FC00C799-175F-42EC-A481-24A06CF20508}.Debug|x64.Build.0 = Debug|x64
		{FC00C799-175F-42EC-A481-24A06CF20508}.Debug|x86.ActiveCfg = Debug|x86
		{FC00C799-175F-42EC-A481-24A06CF20508}.Debug|x86.Build.0 = Debug|x86
		{FC00C799-175F-42EC-A481-24A06CF20508}.Release|Any CPU.ActiveCfg = Release|Any CPU
		{FC00C799-175F-42EC-A481-24A06CF20508}.Release|Any CPU.Build.0 = Release|Any CPU
		{FC00C799-175F-42EC-A481-24A06CF20508}.Release|ARM.ActiveCfg = Release|ARM
		{FC00C799-175F-42EC-A481-24A06CF20508}.Release|ARM.Build.0 = Release|ARM
		{FC00C799-175F-42EC-A481-24A06CF20508}.Release|x64.ActiveCfg = Release|x64
		{FC00C799-175F-42EC-A481-24A06CF20508}.Release|x64.Build.0 = Release|x64
		{FC00C799-175F-42EC-A481-24A06CF20508}.Release|x86.ActiveCfg = Release|x86
		{FC00C799-175F-42EC-A481-24A06CF20508}.Release|x86.Build.0 = Release|x86
		{A23A4481-2432-4743-89A1-6A8F359772A7}.Debug|Any CPU.ActiveCfg = Debug|Any CPU
		{A23A4481-2432-4743-89A1-6A8F359772A7}.Debug|Any CPU.Build.0 = Debug|Any CPU
		{A23A4481-2432-4743-89A1-6A8F359772A7}.Debug|ARM.ActiveCfg = Debug|ARM
		{A23A4481-2432-4743-89A1-6A8F359772A7}.Debug|ARM.Build.0 = Debug|ARM
		{A23A4481-2432-4743-89A1-6A8F359772A7}.Debug|x64.ActiveCfg = Debug|x64
		{A23A4481-2432-4743-89A1-6A8F359772A7}.Debug|x64.Build.0 = Debug|x64
		{A23A4481-2432-4743-89A1-6A8F359772A7}.Debug|x86.ActiveCfg = Debug|x86
		{A23A4481-2432-4743-89A1-6A8F359772A7}.Debug|x86.Build.0 = Debug|x86
		{A23A4481-2432-4743-89A1-6A8F359772A7}.Release|Any CPU.ActiveCfg = Release|Any CPU
		{A23A4481-2432-4743-89A1-6A8F359772A7}.Release|Any CPU.Build.0 = Release|Any CPU
		{A23A4481-2432-4743-89A1-6A8F359772A7}.Release|ARM.ActiveCfg = Release|ARM
		{A23A4481-2432-4743-89A1-6A8F359772A7}.Release|ARM.Build.0 = Release|ARM
		{A23A4481-2432-4743-89A1-6A8F359772A7}.Release|x64.ActiveCfg = Release|x64
		{A23A4481-2432-4743-89A1-6A8F359772A7}.Release|x64.Build.0 = Release|x64
		{A23A4481-2432-4743-89A1-6A8F359772A7}.Release|x86.ActiveCfg = Release|x86
		{A23A4481-2432-4743-89A1-6A8F359772A7}.Release|x86.Build.0 = Release|x86
		{917AF08F-4BD5-468A-BDB0-4C0ECDAD71EC}.Debug|Any CPU.ActiveCfg = Debug|Any CPU
		{917AF08F-4BD5-468A-BDB0-4C0ECDAD71EC}.Debug|Any CPU.Build.0 = Debug|Any CPU
		{917AF08F-4BD5-468A-BDB0-4C0ECDAD71EC}.Debug|ARM.ActiveCfg = Debug|ARM
		{917AF08F-4BD5-468A-BDB0-4C0ECDAD71EC}.Debug|ARM.Build.0 = Debug|ARM
		{917AF08F-4BD5-468A-BDB0-4C0ECDAD71EC}.Debug|x64.ActiveCfg = Debug|x64
		{917AF08F-4BD5-468A-BDB0-4C0ECDAD71EC}.Debug|x64.Build.0 = Debug|x64
		{917AF08F-4BD5-468A-BDB0-4C0ECDAD71EC}.Debug|x86.ActiveCfg = Debug|x86
		{917AF08F-4BD5-468A-BDB0-4C0ECDAD71EC}.Debug|x86.Build.0 = Debug|x86
		{917AF08F-4BD5-468A-BDB0-4C0ECDAD71EC}.Release|Any CPU.ActiveCfg = Release|Any CPU
		{917AF08F-4BD5-468A-BDB0-4C0ECDAD71EC}.Release|Any CPU.Build.0 = Release|Any CPU
		{917AF08F-4BD5-468A-BDB0-4C0ECDAD71EC}.Release|ARM.ActiveCfg = Release|ARM
		{917AF08F-4BD5-468A-BDB0-4C0ECDAD71EC}.Release|ARM.Build.0 = Release|ARM
		{917AF08F-4BD5-468A-BDB0-4C0ECDAD71EC}.Release|x64.ActiveCfg = Release|x64
		{917AF08F-4BD5-468A-BDB0-4C0ECDAD71EC}.Release|x64.Build.0 = Release|x64
		{917AF08F-4BD5-468A-BDB0-4C0ECDAD71EC}.Release|x86.ActiveCfg = Release|x86
		{917AF08F-4BD5-468A-BDB0-4C0ECDAD71EC}.Release|x86.Build.0 = Release|x86
		{E0D994CA-D553-4009-A159-33542A16C4D0}.Debug|Any CPU.ActiveCfg = Debug|Any CPU
		{E0D994CA-D553-4009-A159-33542A16C4D0}.Debug|Any CPU.Build.0 = Debug|Any CPU
		{E0D994CA-D553-4009-A159-33542A16C4D0}.Debug|ARM.ActiveCfg = Debug|Any CPU
		{E0D994CA-D553-4009-A159-33542A16C4D0}.Debug|ARM.Build.0 = Debug|Any CPU
		{E0D994CA-D553-4009-A159-33542A16C4D0}.Debug|x64.ActiveCfg = Debug|Any CPU
		{E0D994CA-D553-4009-A159-33542A16C4D0}.Debug|x64.Build.0 = Debug|Any CPU
		{E0D994CA-D553-4009-A159-33542A16C4D0}.Debug|x86.ActiveCfg = Debug|Any CPU
		{E0D994CA-D553-4009-A159-33542A16C4D0}.Debug|x86.Build.0 = Debug|Any CPU
		{E0D994CA-D553-4009-A159-33542A16C4D0}.Release|Any CPU.ActiveCfg = Release|Any CPU
		{E0D994CA-D553-4009-A159-33542A16C4D0}.Release|Any CPU.Build.0 = Release|Any CPU
		{E0D994CA-D553-4009-A159-33542A16C4D0}.Release|ARM.ActiveCfg = Release|Any CPU
		{E0D994CA-D553-4009-A159-33542A16C4D0}.Release|ARM.Build.0 = Release|Any CPU
		{E0D994CA-D553-4009-A159-33542A16C4D0}.Release|x64.ActiveCfg = Release|Any CPU
		{E0D994CA-D553-4009-A159-33542A16C4D0}.Release|x64.Build.0 = Release|Any CPU
		{E0D994CA-D553-4009-A159-33542A16C4D0}.Release|x86.ActiveCfg = Release|Any CPU
		{E0D994CA-D553-4009-A159-33542A16C4D0}.Release|x86.Build.0 = Release|Any CPU
		{77C9202E-B477-446D-AFDF-F8AE922F83CC}.Debug|Any CPU.ActiveCfg = Debug|Any CPU
		{77C9202E-B477-446D-AFDF-F8AE922F83CC}.Debug|Any CPU.Build.0 = Debug|Any CPU
		{77C9202E-B477-446D-AFDF-F8AE922F83CC}.Debug|ARM.ActiveCfg = Debug|Any CPU
		{77C9202E-B477-446D-AFDF-F8AE922F83CC}.Debug|ARM.Build.0 = Debug|Any CPU
		{77C9202E-B477-446D-AFDF-F8AE922F83CC}.Debug|x64.ActiveCfg = Debug|Any CPU
		{77C9202E-B477-446D-AFDF-F8AE922F83CC}.Debug|x64.Build.0 = Debug|Any CPU
		{77C9202E-B477-446D-AFDF-F8AE922F83CC}.Debug|x86.ActiveCfg = Debug|Any CPU
		{77C9202E-B477-446D-AFDF-F8AE922F83CC}.Debug|x86.Build.0 = Debug|Any CPU
		{77C9202E-B477-446D-AFDF-F8AE922F83CC}.Release|Any CPU.ActiveCfg = Release|Any CPU
		{77C9202E-B477-446D-AFDF-F8AE922F83CC}.Release|Any CPU.Build.0 = Release|Any CPU
		{77C9202E-B477-446D-AFDF-F8AE922F83CC}.Release|ARM.ActiveCfg = Release|Any CPU
		{77C9202E-B477-446D-AFDF-F8AE922F83CC}.Release|ARM.Build.0 = Release|Any CPU
		{77C9202E-B477-446D-AFDF-F8AE922F83CC}.Release|x64.ActiveCfg = Release|Any CPU
		{77C9202E-B477-446D-AFDF-F8AE922F83CC}.Release|x64.Build.0 = Release|Any CPU
		{77C9202E-B477-446D-AFDF-F8AE922F83CC}.Release|x86.ActiveCfg = Release|Any CPU
		{77C9202E-B477-446D-AFDF-F8AE922F83CC}.Release|x86.Build.0 = Release|Any CPU
		{EC29D7E3-3A47-4ECF-9107-AEBFDEB1F1A5}.Debug|Any CPU.ActiveCfg = Debug|Any CPU
		{EC29D7E3-3A47-4ECF-9107-AEBFDEB1F1A5}.Debug|Any CPU.Build.0 = Debug|Any CPU
		{EC29D7E3-3A47-4ECF-9107-AEBFDEB1F1A5}.Debug|ARM.ActiveCfg = Debug|Any CPU
		{EC29D7E3-3A47-4ECF-9107-AEBFDEB1F1A5}.Debug|ARM.Build.0 = Debug|Any CPU
		{EC29D7E3-3A47-4ECF-9107-AEBFDEB1F1A5}.Debug|x64.ActiveCfg = Debug|Any CPU
		{EC29D7E3-3A47-4ECF-9107-AEBFDEB1F1A5}.Debug|x64.Build.0 = Debug|Any CPU
		{EC29D7E3-3A47-4ECF-9107-AEBFDEB1F1A5}.Debug|x86.ActiveCfg = Debug|Any CPU
		{EC29D7E3-3A47-4ECF-9107-AEBFDEB1F1A5}.Debug|x86.Build.0 = Debug|Any CPU
		{EC29D7E3-3A47-4ECF-9107-AEBFDEB1F1A5}.Release|Any CPU.ActiveCfg = Release|Any CPU
		{EC29D7E3-3A47-4ECF-9107-AEBFDEB1F1A5}.Release|Any CPU.Build.0 = Release|Any CPU
		{EC29D7E3-3A47-4ECF-9107-AEBFDEB1F1A5}.Release|ARM.ActiveCfg = Release|Any CPU
		{EC29D7E3-3A47-4ECF-9107-AEBFDEB1F1A5}.Release|ARM.Build.0 = Release|Any CPU
		{EC29D7E3-3A47-4ECF-9107-AEBFDEB1F1A5}.Release|x64.ActiveCfg = Release|Any CPU
		{EC29D7E3-3A47-4ECF-9107-AEBFDEB1F1A5}.Release|x64.Build.0 = Release|Any CPU
		{EC29D7E3-3A47-4ECF-9107-AEBFDEB1F1A5}.Release|x86.ActiveCfg = Release|Any CPU
		{EC29D7E3-3A47-4ECF-9107-AEBFDEB1F1A5}.Release|x86.Build.0 = Release|Any CPU
		{10B3AA18-86BB-40A8-BB0B-43EFDB022403}.Debug|Any CPU.ActiveCfg = Debug|Any CPU
		{10B3AA18-86BB-40A8-BB0B-43EFDB022403}.Debug|Any CPU.Build.0 = Debug|Any CPU
		{10B3AA18-86BB-40A8-BB0B-43EFDB022403}.Debug|ARM.ActiveCfg = Debug|Any CPU
		{10B3AA18-86BB-40A8-BB0B-43EFDB022403}.Debug|ARM.Build.0 = Debug|Any CPU
		{10B3AA18-86BB-40A8-BB0B-43EFDB022403}.Debug|x64.ActiveCfg = Debug|Any CPU
		{10B3AA18-86BB-40A8-BB0B-43EFDB022403}.Debug|x64.Build.0 = Debug|Any CPU
		{10B3AA18-86BB-40A8-BB0B-43EFDB022403}.Debug|x86.ActiveCfg = Debug|Any CPU
		{10B3AA18-86BB-40A8-BB0B-43EFDB022403}.Debug|x86.Build.0 = Debug|Any CPU
		{10B3AA18-86BB-40A8-BB0B-43EFDB022403}.Release|Any CPU.ActiveCfg = Release|Any CPU
		{10B3AA18-86BB-40A8-BB0B-43EFDB022403}.Release|Any CPU.Build.0 = Release|Any CPU
		{10B3AA18-86BB-40A8-BB0B-43EFDB022403}.Release|ARM.ActiveCfg = Release|Any CPU
		{10B3AA18-86BB-40A8-BB0B-43EFDB022403}.Release|ARM.Build.0 = Release|Any CPU
		{10B3AA18-86BB-40A8-BB0B-43EFDB022403}.Release|x64.ActiveCfg = Release|Any CPU
		{10B3AA18-86BB-40A8-BB0B-43EFDB022403}.Release|x64.Build.0 = Release|Any CPU
		{10B3AA18-86BB-40A8-BB0B-43EFDB022403}.Release|x86.ActiveCfg = Release|Any CPU
		{10B3AA18-86BB-40A8-BB0B-43EFDB022403}.Release|x86.Build.0 = Release|Any CPU
	EndGlobalSection
	GlobalSection(SolutionProperties) = preSolution
		HideSolutionNode = FALSE
	EndGlobalSection
	GlobalSection(NestedProjects) = preSolution
		{3F661942-9946-4292-9FE7-6B576782D5F9} = {58F62039-8645-499C-B264-66048F4F0F75}
		{162DE45B-B7A2-4D4A-B90D-F1762133C31C} = {58F62039-8645-499C-B264-66048F4F0F75}
		{8C3710FE-B6C7-4261-81B6-897F4B286B2B} = {58F62039-8645-499C-B264-66048F4F0F75}
		{D748BE60-BAD6-4D1B-BE5A-C24943A56594} = {3F661942-9946-4292-9FE7-6B576782D5F9}
		{6AEA0DEC-BAF6-4FDE-98F1-B17121E0D45C} = {8C3710FE-B6C7-4261-81B6-897F4B286B2B}
		{BEDEB2CB-51AB-4AF6-85F9-6A596B4603BB} = {162DE45B-B7A2-4D4A-B90D-F1762133C31C}
		{F8073034-CE6C-41AD-9852-7AEECE9536CC} = {3F661942-9946-4292-9FE7-6B576782D5F9}
		{786D0298-2117-4B96-838D-C0E9458D06C2} = {162DE45B-B7A2-4D4A-B90D-F1762133C31C}
		{3743A304-3EE5-4909-BFEC-988D59D1B33A} = {3F661942-9946-4292-9FE7-6B576782D5F9}
		{84191838-C476-4E1A-9129-07D8C906674A} = {8C3710FE-B6C7-4261-81B6-897F4B286B2B}
		{8C7EAB82-554B-4761-B67E-7E9B9A306914} = {162DE45B-B7A2-4D4A-B90D-F1762133C31C}
		{C35D5DC5-7149-4E56-9F0C-90D8F6A1C495} = {3F661942-9946-4292-9FE7-6B576782D5F9}
		{2CC3B8F3-626E-4A7B-ADC5-A25E28DC219E} = {3F661942-9946-4292-9FE7-6B576782D5F9}
		{85BEBC4F-4020-4045-945B-B8F6F732FC6E} = {58F62039-8645-499C-B264-66048F4F0F75}
		{E3580D73-CCCC-4956-8BCD-6F4F9B58310D} = {58F62039-8645-499C-B264-66048F4F0F75}
		{E686A62C-2E03-40A2-8BE6-BDF6D5F19A71} = {85BEBC4F-4020-4045-945B-B8F6F732FC6E}
		{7C69650F-08C8-494C-857F-43B29A4BB20C} = {85BEBC4F-4020-4045-945B-B8F6F732FC6E}
		{5A6CF7D5-9BBC-44B5-8A73-2146D03C3C1E} = {85BEBC4F-4020-4045-945B-B8F6F732FC6E}
		{56A6CCBA-FD9F-48E9-9D1C-DC5D92A0F9F9} = {85BEBC4F-4020-4045-945B-B8F6F732FC6E}
		{461E63D9-FD22-49BF-94ED-AF5AC870C348} = {162DE45B-B7A2-4D4A-B90D-F1762133C31C}
		{97E093E6-1CF9-4CFF-9201-540A7681BC12} = {85BEBC4F-4020-4045-945B-B8F6F732FC6E}
		{FC00C799-175F-42EC-A481-24A06CF20508} = {3F661942-9946-4292-9FE7-6B576782D5F9}
		{A23A4481-2432-4743-89A1-6A8F359772A7} = {162DE45B-B7A2-4D4A-B90D-F1762133C31C}
		{917AF08F-4BD5-468A-BDB0-4C0ECDAD71EC} = {85BEBC4F-4020-4045-945B-B8F6F732FC6E}
		{E0D994CA-D553-4009-A159-33542A16C4D0} = {162DE45B-B7A2-4D4A-B90D-F1762133C31C}
		{77C9202E-B477-446D-AFDF-F8AE922F83CC} = {3F661942-9946-4292-9FE7-6B576782D5F9}
		{EC29D7E3-3A47-4ECF-9107-AEBFDEB1F1A5} = {162DE45B-B7A2-4D4A-B90D-F1762133C31C}
		{10B3AA18-86BB-40A8-BB0B-43EFDB022403} = {85BEBC4F-4020-4045-945B-B8F6F732FC6E}
	EndGlobalSection
	GlobalSection(ExtensibilityGlobals) = postSolution
		EnterpriseLibraryConfigurationToolBinariesPath = packages\Unity.2.1.505.0\lib\NET35;..\lib\Unity.2.1.505.0\lib\NET35;..\lib\Unity.2.1.505.2\lib\NET35
	EndGlobalSection
	GlobalSection(DPCodeReviewSolutionGUID) = preSolution
		DPCodeReviewSolutionGUID = {00000000-0000-0000-0000-000000000000}
	EndGlobalSection
	GlobalSection(NDepend) = preSolution
		Project = "Catel.ndproj"
	EndGlobalSection
EndGlobal
