
Microsoft Visual Studio Solution File, Format Version 12.00
# Visual Studio 14
VisualStudioVersion = 14.0.25420.1
MinimumVisualStudioVersion = 10.0.40219.1
Project("{2150E333-8FDC-42A3-9474-1A3956D46DE8}") = "Projects", "Projects", "{B09C428A-35DF-4A53-A724-ADA654CC21F1}"
EndProject
Project("{2150E333-8FDC-42A3-9474-1A3956D46DE8}") = "Items", "Items", "{B45CDCC0-B2A8-4085-82F2-8A6140427715}"
EndProject
Project("{FAE04EC0-301F-11D3-BF4B-00C04F79EFBC}") = "Catel.ItemTemplates.ViewModel", "Catel.Templates\Catel.ItemTemplates.ViewModel\Catel.ItemTemplates.ViewModel.csproj", "{51B11D3E-CBC9-4FE6-8D23-7DAD6C4F97C1}"
EndProject
Project("{FAE04EC0-301F-11D3-BF4B-00C04F79EFBC}") = "Catel.ItemTemplates.WPF.DataWindow", "Catel.Templates\Catel.ItemTemplates.WPF.DataWindow\Catel.ItemTemplates.WPF.DataWindow.csproj", "{2121454C-07C0-4E51-A844-C0EF23EF87FF}"
EndProject
Project("{FAE04EC0-301F-11D3-BF4B-00C04F79EFBC}") = "Catel.ItemTemplates.WPF.UserControl", "Catel.Templates\Catel.ItemTemplates.WPF.UserControl\Catel.ItemTemplates.WPF.UserControl.csproj", "{0720AC77-238B-4B90-AFF4-893870F836E7}"
EndProject
Project("{FAE04EC0-301F-11D3-BF4B-00C04F79EFBC}") = "Catel.ProjectTemplates.WPF.Application", "Catel.Templates\Catel.ProjectTemplates.WPF.Application\Catel.ProjectTemplates.WPF.Application.csproj", "{A354CA4C-F74A-4A33-83D4-57614D47B2D0}"
EndProject
Global
	GlobalSection(SolutionConfigurationPlatforms) = preSolution
		Debug|Any CPU = Debug|Any CPU
		Release|Any CPU = Release|Any CPU
	EndGlobalSection
	GlobalSection(ProjectConfigurationPlatforms) = postSolution
		{51B11D3E-CBC9-4FE6-8D23-7DAD6C4F97C1}.Debug|Any CPU.ActiveCfg = Debug|Any CPU
		{51B11D3E-CBC9-4FE6-8D23-7DAD6C4F97C1}.Debug|Any CPU.Build.0 = Debug|Any CPU
		{51B11D3E-CBC9-4FE6-8D23-7DAD6C4F97C1}.Release|Any CPU.ActiveCfg = Release|Any CPU
		{51B11D3E-CBC9-4FE6-8D23-7DAD6C4F97C1}.Release|Any CPU.Build.0 = Release|Any CPU
		{2121454C-07C0-4E51-A844-C0EF23EF87FF}.Debug|Any CPU.ActiveCfg = Debug|Any CPU
		{2121454C-07C0-4E51-A844-C0EF23EF87FF}.Debug|Any CPU.Build.0 = Debug|Any CPU
		{2121454C-07C0-4E51-A844-C0EF23EF87FF}.Release|Any CPU.ActiveCfg = Release|Any CPU
		{2121454C-07C0-4E51-A844-C0EF23EF87FF}.Release|Any CPU.Build.0 = Release|Any CPU
		{0720AC77-238B-4B90-AFF4-893870F836E7}.Debug|Any CPU.ActiveCfg = Debug|Any CPU
		{0720AC77-238B-4B90-AFF4-893870F836E7}.Debug|Any CPU.Build.0 = Debug|Any CPU
		{0720AC77-238B-4B90-AFF4-893870F836E7}.Release|Any CPU.ActiveCfg = Release|Any CPU
		{0720AC77-238B-4B90-AFF4-893870F836E7}.Release|Any CPU.Build.0 = Release|Any CPU
		{A354CA4C-F74A-4A33-83D4-57614D47B2D0}.Debug|Any CPU.ActiveCfg = Debug|Any CPU
		{A354CA4C-F74A-4A33-83D4-57614D47B2D0}.Debug|Any CPU.Build.0 = Debug|Any CPU
		{A354CA4C-F74A-4A33-83D4-57614D47B2D0}.Release|Any CPU.ActiveCfg = Release|Any CPU
		{A354CA4C-F74A-4A33-83D4-57614D47B2D0}.Release|Any CPU.Build.0 = Release|Any CPU
	EndGlobalSection
	GlobalSection(SolutionProperties) = preSolution
		HideSolutionNode = FALSE
	EndGlobalSection
	GlobalSection(NestedProjects) = preSolution
		{51B11D3E-CBC9-4FE6-8D23-7DAD6C4F97C1} = {B45CDCC0-B2A8-4085-82F2-8A6140427715}
		{2121454C-07C0-4E51-A844-C0EF23EF87FF} = {B45CDCC0-B2A8-4085-82F2-8A6140427715}
		{0720AC77-238B-4B90-AFF4-893870F836E7} = {B45CDCC0-B2A8-4085-82F2-8A6140427715}
		{A354CA4C-F74A-4A33-83D4-57614D47B2D0} = {B09C428A-35DF-4A53-A724-ADA654CC21F1}
	EndGlobalSection
EndGlobal
